// !$*UTF8*$!
{
	archiveVersion = 1;
	classes = {
	};
	objectVersion = 51;
	objects = {

/* Begin PBXBuildFile section */
		54A60F19C730FF6B148C6E77 /* Pods_Hahabbit.framework in Frameworks */ = {isa = PBXBuildFile; fileRef = C0F5A42445D4AC6FE6682712 /* Pods_Hahabbit.framework */; };
		E7052E4D2652476600B717F8 /* MainPageTableViewCell.swift in Sources */ = {isa = PBXBuildFile; fileRef = E7052E4B2652476600B717F8 /* MainPageTableViewCell.swift */; };
		E7052E4E2652476600B717F8 /* MainPageTableViewCell.xib in Resources */ = {isa = PBXBuildFile; fileRef = E7052E4C2652476600B717F8 /* MainPageTableViewCell.xib */; };
		E7052E532652510400B717F8 /* CalendarPageViewController.swift in Sources */ = {isa = PBXBuildFile; fileRef = E7052E522652510400B717F8 /* CalendarPageViewController.swift */; };
		E7052E5826525D9200B717F8 /* HabitDetailViewController.swift in Sources */ = {isa = PBXBuildFile; fileRef = E7052E5726525D9200B717F8 /* HabitDetailViewController.swift */; };
		E7052E5B26527C0800B717F8 /* IconCollectionViewCell.swift in Sources */ = {isa = PBXBuildFile; fileRef = E7052E5A26527C0800B717F8 /* IconCollectionViewCell.swift */; };
		E7052E5E26527D5F00B717F8 /* AddNewHabitDetailViewController.swift in Sources */ = {isa = PBXBuildFile; fileRef = E7052E5D26527D5F00B717F8 /* AddNewHabitDetailViewController.swift */; };
		E7052E6526528BA300B717F8 /* SelectableCollectionViewCell.swift in Sources */ = {isa = PBXBuildFile; fileRef = E7052E6426528BA300B717F8 /* SelectableCollectionViewCell.swift */; };
		E7052E682652AA2E00B717F8 /* PublichHabitsViewController.swift in Sources */ = {isa = PBXBuildFile; fileRef = E7052E672652AA2E00B717F8 /* PublichHabitsViewController.swift */; };
		E7052E6C2652D74500B717F8 /* PublicHabitsTableViewCell.swift in Sources */ = {isa = PBXBuildFile; fileRef = E7052E6A2652D74500B717F8 /* PublicHabitsTableViewCell.swift */; };
		E7052E6D2652D74500B717F8 /* PublicHabitsTableViewCell.xib in Resources */ = {isa = PBXBuildFile; fileRef = E7052E6B2652D74500B717F8 /* PublicHabitsTableViewCell.xib */; };
		E7052E702653506800B717F8 /* ProfileViewController.swift in Sources */ = {isa = PBXBuildFile; fileRef = E7052E6F2653506800B717F8 /* ProfileViewController.swift */; };
		E7052E732653560400B717F8 /* ProfileTableViewCell.swift in Sources */ = {isa = PBXBuildFile; fileRef = E7052E722653560400B717F8 /* ProfileTableViewCell.swift */; };
		E7052E762653574A00B717F8 /* SettingsTableViewCell.swift in Sources */ = {isa = PBXBuildFile; fileRef = E7052E752653574A00B717F8 /* SettingsTableViewCell.swift */; };
		E7052E812653D59D00B717F8 /* AchievementsTableViewCell.swift in Sources */ = {isa = PBXBuildFile; fileRef = E7052E802653D59D00B717F8 /* AchievementsTableViewCell.swift */; };
		E7052E842654C1BB00B717F8 /* PublicHabitDetailViewController.swift in Sources */ = {isa = PBXBuildFile; fileRef = E7052E832654C1BB00B717F8 /* PublicHabitDetailViewController.swift */; };
		E7052E872654E62500B717F8 /* HabitManager.swift in Sources */ = {isa = PBXBuildFile; fileRef = E7052E862654E62500B717F8 /* HabitManager.swift */; };
		E7052E892654E9D800B717F8 /* Habit.swift in Sources */ = {isa = PBXBuildFile; fileRef = E7052E882654E9D800B717F8 /* Habit.swift */; };
		E7052E8C2655F25700B717F8 /* Box.swift in Sources */ = {isa = PBXBuildFile; fileRef = E7052E8B2655F25700B717F8 /* Box.swift */; };
		E7052E8F2656090A00B717F8 /* HomeViewModel.swift in Sources */ = {isa = PBXBuildFile; fileRef = E7052E8E2656090A00B717F8 /* HomeViewModel.swift */; };
		E7052E9226560F5300B717F8 /* HabitViewModel.swift in Sources */ = {isa = PBXBuildFile; fileRef = E7052E9126560F5300B717F8 /* HabitViewModel.swift */; };
		E705928E266E89800027AD8C /* LaunchScreen.storyboard in Resources */ = {isa = PBXBuildFile; fileRef = E7910F59264AE77C003F0DAC /* LaunchScreen.storyboard */; };
		E724FCCF267683FE009FE57A /* MyTabBarViewController.swift in Sources */ = {isa = PBXBuildFile; fileRef = E724FCCE267683FE009FE57A /* MyTabBarViewController.swift */; };
		E7362FF3267224EF00D23F3C /* MyAuthorizationAppleIDButton.swift in Sources */ = {isa = PBXBuildFile; fileRef = E7362FF2267224EF00D23F3C /* MyAuthorizationAppleIDButton.swift */; };
		E736858D266735AD002E2278 /* UIImage+Extension.swift in Sources */ = {isa = PBXBuildFile; fileRef = E736858C266735AD002E2278 /* UIImage+Extension.swift */; };
		E73685FE26687465002E2278 /* NotificationsViewModel.swift in Sources */ = {isa = PBXBuildFile; fileRef = E73685FD26687465002E2278 /* NotificationsViewModel.swift */; };
		E7368604266A3674002E2278 /* BlocklistViewController.swift in Sources */ = {isa = PBXBuildFile; fileRef = E7368603266A3674002E2278 /* BlocklistViewController.swift */; };
		E736860D266A3903002E2278 /* BlocklistTableViewCell.swift in Sources */ = {isa = PBXBuildFile; fileRef = E736860C266A3903002E2278 /* BlocklistTableViewCell.swift */; };
		E7368610266A49EE002E2278 /* BlocklistViewModel.swift in Sources */ = {isa = PBXBuildFile; fileRef = E736860F266A49EE002E2278 /* BlocklistViewModel.swift */; };
		E74D4C0E2660D09600E0A1C4 /* LoginViewController.swift in Sources */ = {isa = PBXBuildFile; fileRef = E74D4C0D2660D09600E0A1C4 /* LoginViewController.swift */; };
		E74D4C122661070600E0A1C4 /* UserManager.swift in Sources */ = {isa = PBXBuildFile; fileRef = E74D4C112661070600E0A1C4 /* UserManager.swift */; };
		E74D4C9E266282DD00E0A1C4 /* ProfileEditView.swift in Sources */ = {isa = PBXBuildFile; fileRef = E74D4C9D266282DD00E0A1C4 /* ProfileEditView.swift */; };
		E74D4CA02662830100E0A1C4 /* ProfileEditView.xib in Resources */ = {isa = PBXBuildFile; fileRef = E74D4C9F2662830100E0A1C4 /* ProfileEditView.xib */; };
		E74D4CA32662A2B000E0A1C4 /* ChatPageViewController.swift in Sources */ = {isa = PBXBuildFile; fileRef = E74D4CA22662A2B000E0A1C4 /* ChatPageViewController.swift */; };
		E74F423F265B89F300C9AB3D /* PublicHabitDetailCell.swift in Sources */ = {isa = PBXBuildFile; fileRef = E74F423E265B89F300C9AB3D /* PublicHabitDetailCell.swift */; };
		E74F4246265BC66C00C9AB3D /* ProfileViewModel.swift in Sources */ = {isa = PBXBuildFile; fileRef = E74F4245265BC66C00C9AB3D /* ProfileViewModel.swift */; };
		E74F4249265CF1BA00C9AB3D /* AchievementsChecker.swift in Sources */ = {isa = PBXBuildFile; fileRef = E74F4248265CF1BA00C9AB3D /* AchievementsChecker.swift */; };
		E74F424C265CF71500C9AB3D /* AchievementViewModel.swift in Sources */ = {isa = PBXBuildFile; fileRef = E74F424B265CF71500C9AB3D /* AchievementViewModel.swift */; };
		E74F424E265CF74A00C9AB3D /* Achievement.swift in Sources */ = {isa = PBXBuildFile; fileRef = E74F424D265CF74A00C9AB3D /* Achievement.swift */; };
		E756742226598AE600B236E3 /* GraphViewModel.swift in Sources */ = {isa = PBXBuildFile; fileRef = E756742126598AE600B236E3 /* GraphViewModel.swift */; };
		E7673BEB26708CDE00527585 /* catPlaceholder.png in Resources */ = {isa = PBXBuildFile; fileRef = E7673BEA26708CDE00527585 /* catPlaceholder.png */; };
		E7673BF02670F72700527585 /* Localizable.strings in Resources */ = {isa = PBXBuildFile; fileRef = E7673BF22670F72700527585 /* Localizable.strings */; };
		E7673BF82671E5E600527585 /* SignOutTableViewCell.swift in Sources */ = {isa = PBXBuildFile; fileRef = E7673BF72671E5E600527585 /* SignOutTableViewCell.swift */; };
		E7673BFB2671E7CC00527585 /* MallViewController.swift in Sources */ = {isa = PBXBuildFile; fileRef = E7673BFA2671E7CC00527585 /* MallViewController.swift */; };
		E777F7E9267276CF00BCD59E /* catReading.json in Resources */ = {isa = PBXBuildFile; fileRef = E777F7E8267276CF00BCD59E /* catReading.json */; };
		E777F7EC267364EB00BCD59E /* AllHabitsViewController.swift in Sources */ = {isa = PBXBuildFile; fileRef = E777F7EB267364EB00BCD59E /* AllHabitsViewController.swift */; };
		E777F7EF26736B1A00BCD59E /* AllHabitsViewModel.swift in Sources */ = {isa = PBXBuildFile; fileRef = E777F7EE26736B1A00BCD59E /* AllHabitsViewModel.swift */; };
		E786041E265A9B4000AC0F36 /* PublicHabitViewModel.swift in Sources */ = {isa = PBXBuildFile; fileRef = E786041D265A9B4000AC0F36 /* PublicHabitViewModel.swift */; };
		E7860420265AA11500AC0F36 /* User.swift in Sources */ = {isa = PBXBuildFile; fileRef = E786041F265AA11500AC0F36 /* User.swift */; };
		E7910F4F264AE777003F0DAC /* AppDelegate.swift in Sources */ = {isa = PBXBuildFile; fileRef = E7910F4E264AE777003F0DAC /* AppDelegate.swift */; };
		E7910F51264AE777003F0DAC /* SceneDelegate.swift in Sources */ = {isa = PBXBuildFile; fileRef = E7910F50264AE777003F0DAC /* SceneDelegate.swift */; };
		E7910F53264AE777003F0DAC /* MainPageViewController.swift in Sources */ = {isa = PBXBuildFile; fileRef = E7910F52264AE777003F0DAC /* MainPageViewController.swift */; };
		E7910F56264AE777003F0DAC /* Main.storyboard in Resources */ = {isa = PBXBuildFile; fileRef = E7910F54264AE777003F0DAC /* Main.storyboard */; };
		E7910F58264AE77C003F0DAC /* Assets.xcassets in Resources */ = {isa = PBXBuildFile; fileRef = E7910F57264AE77C003F0DAC /* Assets.xcassets */; };
		E7910F64264AF56A003F0DAC /* GoogleService-Info.plist in Resources */ = {isa = PBXBuildFile; fileRef = E7910F63264AF56A003F0DAC /* GoogleService-Info.plist */; };
		E7910F6C264B87BB003F0DAC /* AddNewGoal.storyboard in Resources */ = {isa = PBXBuildFile; fileRef = E7910F6B264B87BB003F0DAC /* AddNewGoal.storyboard */; };
		E7910F6E264B9190003F0DAC /* Achievements.storyboard in Resources */ = {isa = PBXBuildFile; fileRef = E7910F6D264B9190003F0DAC /* Achievements.storyboard */; };
		E7910F70264B91D6003F0DAC /* PublicGoals.storyboard in Resources */ = {isa = PBXBuildFile; fileRef = E7910F6F264B91D6003F0DAC /* PublicGoals.storyboard */; };
		E7910F72264B9243003F0DAC /* Profile.storyboard in Resources */ = {isa = PBXBuildFile; fileRef = E7910F71264B9243003F0DAC /* Profile.storyboard */; };
		E7910F74264BA7FF003F0DAC /* AddNewhHabitViewController.swift in Sources */ = {isa = PBXBuildFile; fileRef = E7910F73264BA7FF003F0DAC /* AddNewhHabitViewController.swift */; };
		E7910F77264BC011003F0DAC /* AddNewHabitTableViewCell.swift in Sources */ = {isa = PBXBuildFile; fileRef = E7910F76264BC011003F0DAC /* AddNewHabitTableViewCell.swift */; };
		E7910F79264BC0FB003F0DAC /* Constants.swift in Sources */ = {isa = PBXBuildFile; fileRef = E7910F78264BC0FB003F0DAC /* Constants.swift */; };
		E7910F7B264BEDFD003F0DAC /* AchievementsViewController.swift in Sources */ = {isa = PBXBuildFile; fileRef = E7910F7A264BEDFD003F0DAC /* AchievementsViewController.swift */; };
		E79F12432674AC5D0064531A /* ThemeColorViewController.swift in Sources */ = {isa = PBXBuildFile; fileRef = E79F12422674AC5D0064531A /* ThemeColorViewController.swift */; };
		E79F12462674B0C40064531A /* ColorCollectionViewCell.swift in Sources */ = {isa = PBXBuildFile; fileRef = E79F12452674B0C40064531A /* ColorCollectionViewCell.swift */; };
		E7B3C907267A779A0039C82A /* UIView+Extension.swift in Sources */ = {isa = PBXBuildFile; fileRef = E7B3C906267A779A0039C82A /* UIView+Extension.swift */; };
		E7BDCCFB266D04E100C0B1A2 /* LoadingViewController.swift in Sources */ = {isa = PBXBuildFile; fileRef = E7BDCCF9266D04E100C0B1A2 /* LoadingViewController.swift */; };
		E7BDCCFC266D04E100C0B1A2 /* LoadingViewController.xib in Resources */ = {isa = PBXBuildFile; fileRef = E7BDCCFA266D04E100C0B1A2 /* LoadingViewController.xib */; };
		E7BDCD02266E647900C0B1A2 /* LaunchPageViewController.swift in Sources */ = {isa = PBXBuildFile; fileRef = E7BDCD01266E647900C0B1A2 /* LaunchPageViewController.swift */; };
		E7C54EEA2662C441004A1ACA /* Message.swift in Sources */ = {isa = PBXBuildFile; fileRef = E7C54EE92662C441004A1ACA /* Message.swift */; };
		E7C54EEC2662C44E004A1ACA /* Chat.swift in Sources */ = {isa = PBXBuildFile; fileRef = E7C54EEB2662C44E004A1ACA /* Chat.swift */; };
		E7C54EEE2662C74A004A1ACA /* ChatUser.swift in Sources */ = {isa = PBXBuildFile; fileRef = E7C54EED2662C74A004A1ACA /* ChatUser.swift */; };
/* End PBXBuildFile section */

/* Begin PBXFileReference section */
		0A350669CA1AD1C8B735D252 /* Pods-Hahabbit.debug.xcconfig */ = {isa = PBXFileReference; includeInIndex = 1; lastKnownFileType = text.xcconfig; name = "Pods-Hahabbit.debug.xcconfig"; path = "Target Support Files/Pods-Hahabbit/Pods-Hahabbit.debug.xcconfig"; sourceTree = "<group>"; };
		7CA43CF2F9B70177D5F18D32 /* Pods-Hahabbit.release.xcconfig */ = {isa = PBXFileReference; includeInIndex = 1; lastKnownFileType = text.xcconfig; name = "Pods-Hahabbit.release.xcconfig"; path = "Target Support Files/Pods-Hahabbit/Pods-Hahabbit.release.xcconfig"; sourceTree = "<group>"; };
		C0F5A42445D4AC6FE6682712 /* Pods_Hahabbit.framework */ = {isa = PBXFileReference; explicitFileType = wrapper.framework; includeInIndex = 0; path = Pods_Hahabbit.framework; sourceTree = BUILT_PRODUCTS_DIR; };
		E7052E4B2652476600B717F8 /* MainPageTableViewCell.swift */ = {isa = PBXFileReference; lastKnownFileType = sourcecode.swift; path = MainPageTableViewCell.swift; sourceTree = "<group>"; };
		E7052E4C2652476600B717F8 /* MainPageTableViewCell.xib */ = {isa = PBXFileReference; lastKnownFileType = file.xib; path = MainPageTableViewCell.xib; sourceTree = "<group>"; };
		E7052E522652510400B717F8 /* CalendarPageViewController.swift */ = {isa = PBXFileReference; lastKnownFileType = sourcecode.swift; path = CalendarPageViewController.swift; sourceTree = "<group>"; };
		E7052E5726525D9200B717F8 /* HabitDetailViewController.swift */ = {isa = PBXFileReference; lastKnownFileType = sourcecode.swift; path = HabitDetailViewController.swift; sourceTree = "<group>"; };
		E7052E5A26527C0800B717F8 /* IconCollectionViewCell.swift */ = {isa = PBXFileReference; lastKnownFileType = sourcecode.swift; path = IconCollectionViewCell.swift; sourceTree = "<group>"; };
		E7052E5D26527D5F00B717F8 /* AddNewHabitDetailViewController.swift */ = {isa = PBXFileReference; lastKnownFileType = sourcecode.swift; path = AddNewHabitDetailViewController.swift; sourceTree = "<group>"; };
		E7052E6426528BA300B717F8 /* SelectableCollectionViewCell.swift */ = {isa = PBXFileReference; lastKnownFileType = sourcecode.swift; path = SelectableCollectionViewCell.swift; sourceTree = "<group>"; };
		E7052E672652AA2E00B717F8 /* PublichHabitsViewController.swift */ = {isa = PBXFileReference; lastKnownFileType = sourcecode.swift; path = PublichHabitsViewController.swift; sourceTree = "<group>"; };
		E7052E6A2652D74500B717F8 /* PublicHabitsTableViewCell.swift */ = {isa = PBXFileReference; lastKnownFileType = sourcecode.swift; path = PublicHabitsTableViewCell.swift; sourceTree = "<group>"; };
		E7052E6B2652D74500B717F8 /* PublicHabitsTableViewCell.xib */ = {isa = PBXFileReference; lastKnownFileType = file.xib; path = PublicHabitsTableViewCell.xib; sourceTree = "<group>"; };
		E7052E6F2653506800B717F8 /* ProfileViewController.swift */ = {isa = PBXFileReference; lastKnownFileType = sourcecode.swift; path = ProfileViewController.swift; sourceTree = "<group>"; };
		E7052E722653560400B717F8 /* ProfileTableViewCell.swift */ = {isa = PBXFileReference; lastKnownFileType = sourcecode.swift; path = ProfileTableViewCell.swift; sourceTree = "<group>"; };
		E7052E752653574A00B717F8 /* SettingsTableViewCell.swift */ = {isa = PBXFileReference; lastKnownFileType = sourcecode.swift; path = SettingsTableViewCell.swift; sourceTree = "<group>"; };
		E7052E802653D59D00B717F8 /* AchievementsTableViewCell.swift */ = {isa = PBXFileReference; lastKnownFileType = sourcecode.swift; path = AchievementsTableViewCell.swift; sourceTree = "<group>"; };
		E7052E832654C1BB00B717F8 /* PublicHabitDetailViewController.swift */ = {isa = PBXFileReference; lastKnownFileType = sourcecode.swift; path = PublicHabitDetailViewController.swift; sourceTree = "<group>"; };
		E7052E862654E62500B717F8 /* HabitManager.swift */ = {isa = PBXFileReference; lastKnownFileType = sourcecode.swift; path = HabitManager.swift; sourceTree = "<group>"; };
		E7052E882654E9D800B717F8 /* Habit.swift */ = {isa = PBXFileReference; lastKnownFileType = sourcecode.swift; path = Habit.swift; sourceTree = "<group>"; };
		E7052E8B2655F25700B717F8 /* Box.swift */ = {isa = PBXFileReference; lastKnownFileType = sourcecode.swift; path = Box.swift; sourceTree = "<group>"; };
		E7052E8E2656090A00B717F8 /* HomeViewModel.swift */ = {isa = PBXFileReference; lastKnownFileType = sourcecode.swift; path = HomeViewModel.swift; sourceTree = "<group>"; };
		E7052E9126560F5300B717F8 /* HabitViewModel.swift */ = {isa = PBXFileReference; lastKnownFileType = sourcecode.swift; path = HabitViewModel.swift; sourceTree = "<group>"; };
		E724FCCE267683FE009FE57A /* MyTabBarViewController.swift */ = {isa = PBXFileReference; lastKnownFileType = sourcecode.swift; path = MyTabBarViewController.swift; sourceTree = "<group>"; };
		E7362FF2267224EF00D23F3C /* MyAuthorizationAppleIDButton.swift */ = {isa = PBXFileReference; lastKnownFileType = sourcecode.swift; path = MyAuthorizationAppleIDButton.swift; sourceTree = "<group>"; };
		E736858C266735AD002E2278 /* UIImage+Extension.swift */ = {isa = PBXFileReference; lastKnownFileType = sourcecode.swift; path = "UIImage+Extension.swift"; sourceTree = "<group>"; };
		E73685FD26687465002E2278 /* NotificationsViewModel.swift */ = {isa = PBXFileReference; lastKnownFileType = sourcecode.swift; path = NotificationsViewModel.swift; sourceTree = "<group>"; };
		E7368603266A3674002E2278 /* BlocklistViewController.swift */ = {isa = PBXFileReference; lastKnownFileType = sourcecode.swift; path = BlocklistViewController.swift; sourceTree = "<group>"; };
		E736860C266A3903002E2278 /* BlocklistTableViewCell.swift */ = {isa = PBXFileReference; lastKnownFileType = sourcecode.swift; path = BlocklistTableViewCell.swift; sourceTree = "<group>"; };
		E736860F266A49EE002E2278 /* BlocklistViewModel.swift */ = {isa = PBXFileReference; lastKnownFileType = sourcecode.swift; path = BlocklistViewModel.swift; sourceTree = "<group>"; };
		E74D4C0B2660CFC200E0A1C4 /* Hahabbit.entitlements */ = {isa = PBXFileReference; lastKnownFileType = text.plist.entitlements; path = Hahabbit.entitlements; sourceTree = "<group>"; };
		E74D4C0D2660D09600E0A1C4 /* LoginViewController.swift */ = {isa = PBXFileReference; lastKnownFileType = sourcecode.swift; path = LoginViewController.swift; sourceTree = "<group>"; };
		E74D4C112661070600E0A1C4 /* UserManager.swift */ = {isa = PBXFileReference; lastKnownFileType = sourcecode.swift; path = UserManager.swift; sourceTree = "<group>"; };
		E74D4C9D266282DD00E0A1C4 /* ProfileEditView.swift */ = {isa = PBXFileReference; lastKnownFileType = sourcecode.swift; path = ProfileEditView.swift; sourceTree = "<group>"; };
		E74D4C9F2662830100E0A1C4 /* ProfileEditView.xib */ = {isa = PBXFileReference; lastKnownFileType = file.xib; path = ProfileEditView.xib; sourceTree = "<group>"; };
		E74D4CA22662A2B000E0A1C4 /* ChatPageViewController.swift */ = {isa = PBXFileReference; lastKnownFileType = sourcecode.swift; path = ChatPageViewController.swift; sourceTree = "<group>"; };
		E74F423E265B89F300C9AB3D /* PublicHabitDetailCell.swift */ = {isa = PBXFileReference; lastKnownFileType = sourcecode.swift; path = PublicHabitDetailCell.swift; sourceTree = "<group>"; };
		E74F4245265BC66C00C9AB3D /* ProfileViewModel.swift */ = {isa = PBXFileReference; lastKnownFileType = sourcecode.swift; path = ProfileViewModel.swift; sourceTree = "<group>"; };
		E74F4248265CF1BA00C9AB3D /* AchievementsChecker.swift */ = {isa = PBXFileReference; lastKnownFileType = sourcecode.swift; path = AchievementsChecker.swift; sourceTree = "<group>"; };
		E74F424B265CF71500C9AB3D /* AchievementViewModel.swift */ = {isa = PBXFileReference; lastKnownFileType = sourcecode.swift; path = AchievementViewModel.swift; sourceTree = "<group>"; };
		E74F424D265CF74A00C9AB3D /* Achievement.swift */ = {isa = PBXFileReference; lastKnownFileType = sourcecode.swift; path = Achievement.swift; sourceTree = "<group>"; };
		E756742126598AE600B236E3 /* GraphViewModel.swift */ = {isa = PBXFileReference; lastKnownFileType = sourcecode.swift; path = GraphViewModel.swift; sourceTree = "<group>"; };
		E7673BEA26708CDE00527585 /* catPlaceholder.png */ = {isa = PBXFileReference; lastKnownFileType = image.png; path = catPlaceholder.png; sourceTree = "<group>"; };
		E7673BEC2670F4A600527585 /* zh-Hant */ = {isa = PBXFileReference; lastKnownFileType = text.plist.strings; name = "zh-Hant"; path = "zh-Hant.lproj/LaunchScreen.strings"; sourceTree = "<group>"; };
		E7673BED2670F4A600527585 /* zh-Hant */ = {isa = PBXFileReference; lastKnownFileType = text.plist.strings; name = "zh-Hant"; path = "zh-Hant.lproj/Main.strings"; sourceTree = "<group>"; };
		E7673BF12670F72700527585 /* en */ = {isa = PBXFileReference; lastKnownFileType = text.plist.strings; name = en; path = en.lproj/Localizable.strings; sourceTree = "<group>"; };
		E7673BF32670F76500527585 /* zh-Hant */ = {isa = PBXFileReference; lastKnownFileType = text.plist.strings; name = "zh-Hant"; path = "zh-Hant.lproj/Localizable.strings"; sourceTree = "<group>"; };
		E7673BF72671E5E600527585 /* SignOutTableViewCell.swift */ = {isa = PBXFileReference; lastKnownFileType = sourcecode.swift; path = SignOutTableViewCell.swift; sourceTree = "<group>"; };
		E7673BFA2671E7CC00527585 /* MallViewController.swift */ = {isa = PBXFileReference; lastKnownFileType = sourcecode.swift; path = MallViewController.swift; sourceTree = "<group>"; };
		E777F7E8267276CF00BCD59E /* catReading.json */ = {isa = PBXFileReference; fileEncoding = 4; lastKnownFileType = text.json; path = catReading.json; sourceTree = "<group>"; };
		E777F7EB267364EB00BCD59E /* AllHabitsViewController.swift */ = {isa = PBXFileReference; lastKnownFileType = sourcecode.swift; path = AllHabitsViewController.swift; sourceTree = "<group>"; };
		E777F7EE26736B1A00BCD59E /* AllHabitsViewModel.swift */ = {isa = PBXFileReference; lastKnownFileType = sourcecode.swift; path = AllHabitsViewModel.swift; sourceTree = "<group>"; };
		E786041D265A9B4000AC0F36 /* PublicHabitViewModel.swift */ = {isa = PBXFileReference; lastKnownFileType = sourcecode.swift; path = PublicHabitViewModel.swift; sourceTree = "<group>"; };
		E786041F265AA11500AC0F36 /* User.swift */ = {isa = PBXFileReference; lastKnownFileType = sourcecode.swift; path = User.swift; sourceTree = "<group>"; };
		E7910F4B264AE777003F0DAC /* Hahabbit.app */ = {isa = PBXFileReference; explicitFileType = wrapper.application; includeInIndex = 0; path = Hahabbit.app; sourceTree = BUILT_PRODUCTS_DIR; };
		E7910F4E264AE777003F0DAC /* AppDelegate.swift */ = {isa = PBXFileReference; lastKnownFileType = sourcecode.swift; path = AppDelegate.swift; sourceTree = "<group>"; };
		E7910F50264AE777003F0DAC /* SceneDelegate.swift */ = {isa = PBXFileReference; lastKnownFileType = sourcecode.swift; path = SceneDelegate.swift; sourceTree = "<group>"; };
		E7910F52264AE777003F0DAC /* MainPageViewController.swift */ = {isa = PBXFileReference; lastKnownFileType = sourcecode.swift; path = MainPageViewController.swift; sourceTree = "<group>"; };
		E7910F55264AE777003F0DAC /* Base */ = {isa = PBXFileReference; lastKnownFileType = file.storyboard; name = Base; path = Base.lproj/Main.storyboard; sourceTree = "<group>"; };
		E7910F57264AE77C003F0DAC /* Assets.xcassets */ = {isa = PBXFileReference; lastKnownFileType = folder.assetcatalog; path = Assets.xcassets; sourceTree = "<group>"; };
		E7910F5A264AE77C003F0DAC /* Base */ = {isa = PBXFileReference; lastKnownFileType = file.storyboard; name = Base; path = Base.lproj/LaunchScreen.storyboard; sourceTree = "<group>"; };
		E7910F5C264AE77C003F0DAC /* Info.plist */ = {isa = PBXFileReference; lastKnownFileType = text.plist.xml; path = Info.plist; sourceTree = "<group>"; };
		E7910F63264AF56A003F0DAC /* GoogleService-Info.plist */ = {isa = PBXFileReference; fileEncoding = 4; lastKnownFileType = text.plist.xml; path = "GoogleService-Info.plist"; sourceTree = "<group>"; };
		E7910F6B264B87BB003F0DAC /* AddNewGoal.storyboard */ = {isa = PBXFileReference; lastKnownFileType = file.storyboard; path = AddNewGoal.storyboard; sourceTree = "<group>"; };
		E7910F6D264B9190003F0DAC /* Achievements.storyboard */ = {isa = PBXFileReference; lastKnownFileType = file.storyboard; path = Achievements.storyboard; sourceTree = "<group>"; };
		E7910F6F264B91D6003F0DAC /* PublicGoals.storyboard */ = {isa = PBXFileReference; lastKnownFileType = file.storyboard; path = PublicGoals.storyboard; sourceTree = "<group>"; };
		E7910F71264B9243003F0DAC /* Profile.storyboard */ = {isa = PBXFileReference; lastKnownFileType = file.storyboard; path = Profile.storyboard; sourceTree = "<group>"; };
		E7910F73264BA7FF003F0DAC /* AddNewhHabitViewController.swift */ = {isa = PBXFileReference; lastKnownFileType = sourcecode.swift; path = AddNewhHabitViewController.swift; sourceTree = "<group>"; };
		E7910F76264BC011003F0DAC /* AddNewHabitTableViewCell.swift */ = {isa = PBXFileReference; lastKnownFileType = sourcecode.swift; path = AddNewHabitTableViewCell.swift; sourceTree = "<group>"; };
		E7910F78264BC0FB003F0DAC /* Constants.swift */ = {isa = PBXFileReference; lastKnownFileType = sourcecode.swift; path = Constants.swift; sourceTree = "<group>"; };
		E7910F7A264BEDFD003F0DAC /* AchievementsViewController.swift */ = {isa = PBXFileReference; lastKnownFileType = sourcecode.swift; path = AchievementsViewController.swift; sourceTree = "<group>"; };
		E79F12422674AC5D0064531A /* ThemeColorViewController.swift */ = {isa = PBXFileReference; lastKnownFileType = sourcecode.swift; path = ThemeColorViewController.swift; sourceTree = "<group>"; };
		E79F12452674B0C40064531A /* ColorCollectionViewCell.swift */ = {isa = PBXFileReference; lastKnownFileType = sourcecode.swift; path = ColorCollectionViewCell.swift; sourceTree = "<group>"; };
		E7B3C906267A779A0039C82A /* UIView+Extension.swift */ = {isa = PBXFileReference; lastKnownFileType = sourcecode.swift; path = "UIView+Extension.swift"; sourceTree = "<group>"; };
		E7BDCCF9266D04E100C0B1A2 /* LoadingViewController.swift */ = {isa = PBXFileReference; lastKnownFileType = sourcecode.swift; path = LoadingViewController.swift; sourceTree = "<group>"; };
		E7BDCCFA266D04E100C0B1A2 /* LoadingViewController.xib */ = {isa = PBXFileReference; lastKnownFileType = file.xib; path = LoadingViewController.xib; sourceTree = "<group>"; };
		E7BDCD01266E647900C0B1A2 /* LaunchPageViewController.swift */ = {isa = PBXFileReference; lastKnownFileType = sourcecode.swift; path = LaunchPageViewController.swift; sourceTree = "<group>"; };
		E7C54EE92662C441004A1ACA /* Message.swift */ = {isa = PBXFileReference; lastKnownFileType = sourcecode.swift; path = Message.swift; sourceTree = "<group>"; };
		E7C54EEB2662C44E004A1ACA /* Chat.swift */ = {isa = PBXFileReference; lastKnownFileType = sourcecode.swift; path = Chat.swift; sourceTree = "<group>"; };
		E7C54EED2662C74A004A1ACA /* ChatUser.swift */ = {isa = PBXFileReference; lastKnownFileType = sourcecode.swift; path = ChatUser.swift; sourceTree = "<group>"; };
/* End PBXFileReference section */

/* Begin PBXFrameworksBuildPhase section */
		E7910F48264AE777003F0DAC /* Frameworks */ = {
			isa = PBXFrameworksBuildPhase;
			buildActionMask = 2147483647;
			files = (
				54A60F19C730FF6B148C6E77 /* Pods_Hahabbit.framework in Frameworks */,
			);
			runOnlyForDeploymentPostprocessing = 0;
		};
/* End PBXFrameworksBuildPhase section */

/* Begin PBXGroup section */
		22C1CA743F7F4648491606C4 /* Pods */ = {
			isa = PBXGroup;
			children = (
				0A350669CA1AD1C8B735D252 /* Pods-Hahabbit.debug.xcconfig */,
				7CA43CF2F9B70177D5F18D32 /* Pods-Hahabbit.release.xcconfig */,
			);
			path = Pods;
			sourceTree = "<group>";
		};
		811122708C88BFE26CC4CAE8 /* Frameworks */ = {
			isa = PBXGroup;
			children = (
				C0F5A42445D4AC6FE6682712 /* Pods_Hahabbit.framework */,
			);
			name = Frameworks;
			sourceTree = "<group>";
		};
		E7052E482652410200B717F8 /* Model */ = {
			isa = PBXGroup;
			children = (
				E7052E882654E9D800B717F8 /* Habit.swift */,
				E786041F265AA11500AC0F36 /* User.swift */,
				E74F424D265CF74A00C9AB3D /* Achievement.swift */,
				E7C54EE92662C441004A1ACA /* Message.swift */,
				E7C54EEB2662C44E004A1ACA /* Chat.swift */,
				E7C54EED2662C74A004A1ACA /* ChatUser.swift */,
			);
			path = Model;
			sourceTree = "<group>";
		};
		E7052E4A2652472700B717F8 /* MainPage */ = {
			isa = PBXGroup;
			children = (
				E7052E4B2652476600B717F8 /* MainPageTableViewCell.swift */,
				E7052E4C2652476600B717F8 /* MainPageTableViewCell.xib */,
			);
			path = MainPage;
			sourceTree = "<group>";
		};
		E7052E5926527BDB00B717F8 /* AddNewHabit */ = {
			isa = PBXGroup;
			children = (
				E7910F76264BC011003F0DAC /* AddNewHabitTableViewCell.swift */,
				E7052E5A26527C0800B717F8 /* IconCollectionViewCell.swift */,
				E7052E6426528BA300B717F8 /* SelectableCollectionViewCell.swift */,
			);
			path = AddNewHabit;
			sourceTree = "<group>";
		};
		E7052E692652D71200B717F8 /* PublicHabitCell */ = {
			isa = PBXGroup;
			children = (
				E7052E6A2652D74500B717F8 /* PublicHabitsTableViewCell.swift */,
				E7052E6B2652D74500B717F8 /* PublicHabitsTableViewCell.xib */,
			);
			path = PublicHabitCell;
			sourceTree = "<group>";
		};
		E7052E7F2653D57600B717F8 /* Achievements */ = {
			isa = PBXGroup;
			children = (
				E7052E802653D59D00B717F8 /* AchievementsTableViewCell.swift */,
			);
			path = Achievements;
			sourceTree = "<group>";
		};
		E7052E852654E5D700B717F8 /* Network */ = {
			isa = PBXGroup;
			children = (
				E7052E862654E62500B717F8 /* HabitManager.swift */,
				E74D4C112661070600E0A1C4 /* UserManager.swift */,
				E74F4248265CF1BA00C9AB3D /* AchievementsChecker.swift */,
			);
			path = Network;
			sourceTree = "<group>";
		};
		E7052E8A2655F23700B717F8 /* util */ = {
			isa = PBXGroup;
			children = (
				E7052E8B2655F25700B717F8 /* Box.swift */,
			);
			path = util;
			sourceTree = "<group>";
		};
		E724FCD02679CCA2009FE57A /* Extension */ = {
			isa = PBXGroup;
			children = (
				E736858C266735AD002E2278 /* UIImage+Extension.swift */,
				E7B3C906267A779A0039C82A /* UIView+Extension.swift */,
				E7362FF2267224EF00D23F3C /* MyAuthorizationAppleIDButton.swift */,
			);
			path = Extension;
			sourceTree = "<group>";
		};
		E73685FB2667693E002E2278 /* HabitIcons */ = {
			isa = PBXGroup;
			children = (
				E7673BEA26708CDE00527585 /* catPlaceholder.png */,
			);
			path = HabitIcons;
			sourceTree = "<group>";
		};
		E74D4C9C266281CD00E0A1C4 /* ProfileEditView */ = {
			isa = PBXGroup;
			children = (
				E74D4C9D266282DD00E0A1C4 /* ProfileEditView.swift */,
				E74D4C9F2662830100E0A1C4 /* ProfileEditView.xib */,
			);
			path = ProfileEditView;
			sourceTree = "<group>";
		};
		E74F423D265B891E00C9AB3D /* PublicHabit */ = {
			isa = PBXGroup;
			children = (
				E74F423E265B89F300C9AB3D /* PublicHabitDetailCell.swift */,
				E7052E692652D71200B717F8 /* PublicHabitCell */,
			);
			path = PublicHabit;
			sourceTree = "<group>";
		};
		E7910F42264AE777003F0DAC = {
			isa = PBXGroup;
			children = (
				E7910F4D264AE777003F0DAC /* Hahabbit */,
				E7910F4C264AE777003F0DAC /* Products */,
				22C1CA743F7F4648491606C4 /* Pods */,
				811122708C88BFE26CC4CAE8 /* Frameworks */,
			);
			sourceTree = "<group>";
		};
		E7910F4C264AE777003F0DAC /* Products */ = {
			isa = PBXGroup;
			children = (
				E7910F4B264AE777003F0DAC /* Hahabbit.app */,
			);
			name = Products;
			sourceTree = "<group>";
		};
		E7910F4D264AE777003F0DAC /* Hahabbit */ = {
			isa = PBXGroup;
			children = (
				E74D4C0B2660CFC200E0A1C4 /* Hahabbit.entitlements */,
				E724FCD02679CCA2009FE57A /* Extension */,
				E7052E8A2655F23700B717F8 /* util */,
				E7052E852654E5D700B717F8 /* Network */,
				E7910F68264B7EF7003F0DAC /* Controller */,
				E7910F67264B7EED003F0DAC /* ViewModel */,
				E7052E482652410200B717F8 /* Model */,
				E7910F65264B7EDC003F0DAC /* View */,
				E7910F6A264B7F5E003F0DAC /* Resource */,
				E7910F4E264AE777003F0DAC /* AppDelegate.swift */,
				E7910F50264AE777003F0DAC /* SceneDelegate.swift */,
				E7910F63264AF56A003F0DAC /* GoogleService-Info.plist */,
				E7910F5C264AE77C003F0DAC /* Info.plist */,
			);
			path = Hahabbit;
			sourceTree = "<group>";
		};
		E7910F65264B7EDC003F0DAC /* View */ = {
			isa = PBXGroup;
			children = (
				E7052E4A2652472700B717F8 /* MainPage */,
				E7052E5926527BDB00B717F8 /* AddNewHabit */,
				E7052E7F2653D57600B717F8 /* Achievements */,
				E74F423D265B891E00C9AB3D /* PublicHabit */,
				E7B3C908267A7E080039C82A /* Profile */,
				E7BDCCF8266D04B400C0B1A2 /* LoadingView */,
				E7910F69264B7F00003F0DAC /* Storyboard */,
			);
			path = View;
			sourceTree = "<group>";
		};
		E7910F67264B7EED003F0DAC /* ViewModel */ = {
			isa = PBXGroup;
			children = (
				E777F7EE26736B1A00BCD59E /* AllHabitsViewModel.swift */,
				E736860F266A49EE002E2278 /* BlocklistViewModel.swift */,
				E73685FD26687465002E2278 /* NotificationsViewModel.swift */,
				E74F424B265CF71500C9AB3D /* AchievementViewModel.swift */,
				E74F4245265BC66C00C9AB3D /* ProfileViewModel.swift */,
				E786041D265A9B4000AC0F36 /* PublicHabitViewModel.swift */,
				E756742126598AE600B236E3 /* GraphViewModel.swift */,
				E7052E8E2656090A00B717F8 /* HomeViewModel.swift */,
				E7052E9126560F5300B717F8 /* HabitViewModel.swift */,
			);
			path = ViewModel;
			sourceTree = "<group>";
		};
		E7910F68264B7EF7003F0DAC /* Controller */ = {
			isa = PBXGroup;
			children = (
				E724FCCE267683FE009FE57A /* MyTabBarViewController.swift */,
				E79F12422674AC5D0064531A /* ThemeColorViewController.swift */,
				E777F7EB267364EB00BCD59E /* AllHabitsViewController.swift */,
				E7673BFA2671E7CC00527585 /* MallViewController.swift */,
				E7BDCD01266E647900C0B1A2 /* LaunchPageViewController.swift */,
				E7368603266A3674002E2278 /* BlocklistViewController.swift */,
				E74D4CA22662A2B000E0A1C4 /* ChatPageViewController.swift */,
				E74D4C0D2660D09600E0A1C4 /* LoginViewController.swift */,
				E7052E832654C1BB00B717F8 /* PublicHabitDetailViewController.swift */,
				E7052E6F2653506800B717F8 /* ProfileViewController.swift */,
				E7052E672652AA2E00B717F8 /* PublichHabitsViewController.swift */,
				E7052E5D26527D5F00B717F8 /* AddNewHabitDetailViewController.swift */,
				E7052E5726525D9200B717F8 /* HabitDetailViewController.swift */,
				E7910F73264BA7FF003F0DAC /* AddNewhHabitViewController.swift */,
				E7910F7A264BEDFD003F0DAC /* AchievementsViewController.swift */,
				E7052E522652510400B717F8 /* CalendarPageViewController.swift */,
				E7910F52264AE777003F0DAC /* MainPageViewController.swift */,
			);
			path = Controller;
			sourceTree = "<group>";
		};
		E7910F69264B7F00003F0DAC /* Storyboard */ = {
			isa = PBXGroup;
			children = (
				E7910F59264AE77C003F0DAC /* LaunchScreen.storyboard */,
				E7910F54264AE777003F0DAC /* Main.storyboard */,
				E7910F6B264B87BB003F0DAC /* AddNewGoal.storyboard */,
				E7910F6D264B9190003F0DAC /* Achievements.storyboard */,
				E7910F6F264B91D6003F0DAC /* PublicGoals.storyboard */,
				E7910F71264B9243003F0DAC /* Profile.storyboard */,
			);
			path = Storyboard;
			sourceTree = "<group>";
		};
		E7910F6A264B7F5E003F0DAC /* Resource */ = {
			isa = PBXGroup;
			children = (
				E7AC30B42672450D00422C30 /* Lottie */,
				E73685FB2667693E002E2278 /* HabitIcons */,
				E7910F57264AE77C003F0DAC /* Assets.xcassets */,
				E7910F78264BC0FB003F0DAC /* Constants.swift */,
				E7673BF22670F72700527585 /* Localizable.strings */,
			);
			path = Resource;
			sourceTree = "<group>";
		};
		E7AC30B42672450D00422C30 /* Lottie */ = {
			isa = PBXGroup;
			children = (
				E777F7E8267276CF00BCD59E /* catReading.json */,
			);
			path = Lottie;
			sourceTree = "<group>";
		};
		E7B3C908267A7E080039C82A /* Profile */ = {
			isa = PBXGroup;
			children = (
				E79F12452674B0C40064531A /* ColorCollectionViewCell.swift */,
				E7673BF72671E5E600527585 /* SignOutTableViewCell.swift */,
				E7052E722653560400B717F8 /* ProfileTableViewCell.swift */,
				E736860C266A3903002E2278 /* BlocklistTableViewCell.swift */,
				E7052E752653574A00B717F8 /* SettingsTableViewCell.swift */,
				E74D4C9C266281CD00E0A1C4 /* ProfileEditView */,
			);
			path = Profile;
			sourceTree = "<group>";
		};
		E7BDCCF8266D04B400C0B1A2 /* LoadingView */ = {
			isa = PBXGroup;
			children = (
				E7BDCCF9266D04E100C0B1A2 /* LoadingViewController.swift */,
				E7BDCCFA266D04E100C0B1A2 /* LoadingViewController.xib */,
			);
			path = LoadingView;
			sourceTree = "<group>";
		};
/* End PBXGroup section */

/* Begin PBXNativeTarget section */
		E7910F4A264AE777003F0DAC /* Hahabbit */ = {
			isa = PBXNativeTarget;
			buildConfigurationList = E7910F5F264AE77C003F0DAC /* Build configuration list for PBXNativeTarget "Hahabbit" */;
			buildPhases = (
				3635763E1E6641DB37CE1424 /* [CP] Check Pods Manifest.lock */,
				E7910F47264AE777003F0DAC /* Sources */,
				E7910F48264AE777003F0DAC /* Frameworks */,
				E7910F49264AE777003F0DAC /* Resources */,
				E5E5113AEEC8C53E7D4A3193 /* [CP] Embed Pods Frameworks */,
				E7910F62264AEE07003F0DAC /* ShellScript */,
				E7673BE9266FC5A500527585 /* Run Script */,
			);
			buildRules = (
			);
			dependencies = (
			);
			name = Hahabbit;
			productName = Hahabbit;
			productReference = E7910F4B264AE777003F0DAC /* Hahabbit.app */;
			productType = "com.apple.product-type.application";
		};
/* End PBXNativeTarget section */

/* Begin PBXProject section */
		E7910F43264AE777003F0DAC /* Project object */ = {
			isa = PBXProject;
			attributes = {
				LastSwiftUpdateCheck = 1250;
				LastUpgradeCheck = 1250;
				TargetAttributes = {
					E7910F4A264AE777003F0DAC = {
						CreatedOnToolsVersion = 12.5;
					};
				};
			};
			buildConfigurationList = E7910F46264AE777003F0DAC /* Build configuration list for PBXProject "Hahabbit" */;
			compatibilityVersion = "Xcode 9.3";
			developmentRegion = en;
			hasScannedForEncodings = 0;
			knownRegions = (
				en,
				Base,
				"zh-Hant",
			);
			mainGroup = E7910F42264AE777003F0DAC;
			productRefGroup = E7910F4C264AE777003F0DAC /* Products */;
			projectDirPath = "";
			projectRoot = "";
			targets = (
				E7910F4A264AE777003F0DAC /* Hahabbit */,
			);
		};
/* End PBXProject section */

/* Begin PBXResourcesBuildPhase section */
		E7910F49264AE777003F0DAC /* Resources */ = {
			isa = PBXResourcesBuildPhase;
			buildActionMask = 2147483647;
			files = (
				E7052E6D2652D74500B717F8 /* PublicHabitsTableViewCell.xib in Resources */,
				E7673BEB26708CDE00527585 /* catPlaceholder.png in Resources */,
				E7910F64264AF56A003F0DAC /* GoogleService-Info.plist in Resources */,
				E7052E4E2652476600B717F8 /* MainPageTableViewCell.xib in Resources */,
				E7910F72264B9243003F0DAC /* Profile.storyboard in Resources */,
				E7910F6E264B9190003F0DAC /* Achievements.storyboard in Resources */,
				E7BDCCFC266D04E100C0B1A2 /* LoadingViewController.xib in Resources */,
				E74D4CA02662830100E0A1C4 /* ProfileEditView.xib in Resources */,
				E7910F6C264B87BB003F0DAC /* AddNewGoal.storyboard in Resources */,
				E777F7E9267276CF00BCD59E /* catReading.json in Resources */,
				E705928E266E89800027AD8C /* LaunchScreen.storyboard in Resources */,
				E7673BF02670F72700527585 /* Localizable.strings in Resources */,
				E7910F58264AE77C003F0DAC /* Assets.xcassets in Resources */,
				E7910F70264B91D6003F0DAC /* PublicGoals.storyboard in Resources */,
				E7910F56264AE777003F0DAC /* Main.storyboard in Resources */,
			);
			runOnlyForDeploymentPostprocessing = 0;
		};
/* End PBXResourcesBuildPhase section */

/* Begin PBXShellScriptBuildPhase section */
		3635763E1E6641DB37CE1424 /* [CP] Check Pods Manifest.lock */ = {
			isa = PBXShellScriptBuildPhase;
			buildActionMask = 2147483647;
			files = (
			);
			inputFileListPaths = (
			);
			inputPaths = (
				"${PODS_PODFILE_DIR_PATH}/Podfile.lock",
				"${PODS_ROOT}/Manifest.lock",
			);
			name = "[CP] Check Pods Manifest.lock";
			outputFileListPaths = (
			);
			outputPaths = (
				"$(DERIVED_FILE_DIR)/Pods-Hahabbit-checkManifestLockResult.txt",
			);
			runOnlyForDeploymentPostprocessing = 0;
			shellPath = /bin/sh;
			shellScript = "diff \"${PODS_PODFILE_DIR_PATH}/Podfile.lock\" \"${PODS_ROOT}/Manifest.lock\" > /dev/null\nif [ $? != 0 ] ; then\n    # print error to STDERR\n    echo \"error: The sandbox is not in sync with the Podfile.lock. Run 'pod install' or update your CocoaPods installation.\" >&2\n    exit 1\nfi\n# This output is used by Xcode 'outputs' to avoid re-running this script phase.\necho \"SUCCESS\" > \"${SCRIPT_OUTPUT_FILE_0}\"\n";
			showEnvVarsInLog = 0;
		};
		E5E5113AEEC8C53E7D4A3193 /* [CP] Embed Pods Frameworks */ = {
			isa = PBXShellScriptBuildPhase;
			buildActionMask = 2147483647;
			files = (
			);
			inputFileListPaths = (
				"${PODS_ROOT}/Target Support Files/Pods-Hahabbit/Pods-Hahabbit-frameworks-${CONFIGURATION}-input-files.xcfilelist",
			);
			name = "[CP] Embed Pods Frameworks";
			outputFileListPaths = (
				"${PODS_ROOT}/Target Support Files/Pods-Hahabbit/Pods-Hahabbit-frameworks-${CONFIGURATION}-output-files.xcfilelist",
			);
			runOnlyForDeploymentPostprocessing = 0;
			shellPath = /bin/sh;
			shellScript = "\"${PODS_ROOT}/Target Support Files/Pods-Hahabbit/Pods-Hahabbit-frameworks.sh\"\n";
			showEnvVarsInLog = 0;
		};
		E7673BE9266FC5A500527585 /* Run Script */ = {
			isa = PBXShellScriptBuildPhase;
			buildActionMask = 2147483647;
			files = (
			);
			inputFileListPaths = (
			);
			inputPaths = (
				"${DWARF_DSYM_FOLDER_PATH}/${DWARF_DSYM_FILE_NAME}/Contents/Resources/DWARF/${TARGET_NAME}",
				"$(SRCROOT)/$(BUILT_PRODUCTS_DIR)/$(INFOPLIST_PATH)",
			);
			name = "Run Script";
			outputFileListPaths = (
			);
			outputPaths = (
			);
			runOnlyForDeploymentPostprocessing = 0;
			shellPath = /bin/sh;
			shellScript = "\"${PODS_ROOT}/FirebaseCrashlytics/run\"\n";
		};
		E7910F62264AEE07003F0DAC /* ShellScript */ = {
			isa = PBXShellScriptBuildPhase;
			buildActionMask = 2147483647;
			files = (
			);
			inputFileListPaths = (
			);
			inputPaths = (
			);
			outputFileListPaths = (
			);
			outputPaths = (
			);
			runOnlyForDeploymentPostprocessing = 0;
			shellPath = /bin/sh;
			shellScript = "\"${PODS_ROOT}/SwiftLint/swiftlint\"\n";
		};
/* End PBXShellScriptBuildPhase section */

/* Begin PBXSourcesBuildPhase section */
		E7910F47264AE777003F0DAC /* Sources */ = {
			isa = PBXSourcesBuildPhase;
			buildActionMask = 2147483647;
			files = (
				E74F424C265CF71500C9AB3D /* AchievementViewModel.swift in Sources */,
				E7910F53264AE777003F0DAC /* MainPageViewController.swift in Sources */,
				E74D4CA32662A2B000E0A1C4 /* ChatPageViewController.swift in Sources */,
				E74F4249265CF1BA00C9AB3D /* AchievementsChecker.swift in Sources */,
				E724FCCF267683FE009FE57A /* MyTabBarViewController.swift in Sources */,
				E7052E8C2655F25700B717F8 /* Box.swift in Sources */,
				E7910F4F264AE777003F0DAC /* AppDelegate.swift in Sources */,
				E7052E5B26527C0800B717F8 /* IconCollectionViewCell.swift in Sources */,
				E7052E532652510400B717F8 /* CalendarPageViewController.swift in Sources */,
				E7910F77264BC011003F0DAC /* AddNewHabitTableViewCell.swift in Sources */,
				E7C54EEE2662C74A004A1ACA /* ChatUser.swift in Sources */,
				E786041E265A9B4000AC0F36 /* PublicHabitViewModel.swift in Sources */,
				E7052E4D2652476600B717F8 /* MainPageTableViewCell.swift in Sources */,
				E7052E6526528BA300B717F8 /* SelectableCollectionViewCell.swift in Sources */,
				E7C54EEC2662C44E004A1ACA /* Chat.swift in Sources */,
				E756742226598AE600B236E3 /* GraphViewModel.swift in Sources */,
				E79F12462674B0C40064531A /* ColorCollectionViewCell.swift in Sources */,
				E7052E732653560400B717F8 /* ProfileTableViewCell.swift in Sources */,
				E74D4C122661070600E0A1C4 /* UserManager.swift in Sources */,
				E7C54EEA2662C441004A1ACA /* Message.swift in Sources */,
				E7673BF82671E5E600527585 /* SignOutTableViewCell.swift in Sources */,
				E74D4C9E266282DD00E0A1C4 /* ProfileEditView.swift in Sources */,
				E7910F74264BA7FF003F0DAC /* AddNewhHabitViewController.swift in Sources */,
				E7910F51264AE777003F0DAC /* SceneDelegate.swift in Sources */,
				E777F7EC267364EB00BCD59E /* AllHabitsViewController.swift in Sources */,
				E7052E8F2656090A00B717F8 /* HomeViewModel.swift in Sources */,
				E74F423F265B89F300C9AB3D /* PublicHabitDetailCell.swift in Sources */,
				E7052E812653D59D00B717F8 /* AchievementsTableViewCell.swift in Sources */,
				E7052E5826525D9200B717F8 /* HabitDetailViewController.swift in Sources */,
				E7052E5E26527D5F00B717F8 /* AddNewHabitDetailViewController.swift in Sources */,
				E7910F7B264BEDFD003F0DAC /* AchievementsViewController.swift in Sources */,
				E7673BFB2671E7CC00527585 /* MallViewController.swift in Sources */,
				E7052E842654C1BB00B717F8 /* PublicHabitDetailViewController.swift in Sources */,
				E7368604266A3674002E2278 /* BlocklistViewController.swift in Sources */,
				E7052E682652AA2E00B717F8 /* PublichHabitsViewController.swift in Sources */,
				E7052E892654E9D800B717F8 /* Habit.swift in Sources */,
				E7368610266A49EE002E2278 /* BlocklistViewModel.swift in Sources */,
				E74D4C0E2660D09600E0A1C4 /* LoginViewController.swift in Sources */,
				E7052E6C2652D74500B717F8 /* PublicHabitsTableViewCell.swift in Sources */,
				E7910F79264BC0FB003F0DAC /* Constants.swift in Sources */,
				E7BDCD02266E647900C0B1A2 /* LaunchPageViewController.swift in Sources */,
				E7052E762653574A00B717F8 /* SettingsTableViewCell.swift in Sources */,
				E736858D266735AD002E2278 /* UIImage+Extension.swift in Sources */,
				E7052E872654E62500B717F8 /* HabitManager.swift in Sources */,
				E73685FE26687465002E2278 /* NotificationsViewModel.swift in Sources */,
				E777F7EF26736B1A00BCD59E /* AllHabitsViewModel.swift in Sources */,
				E79F12432674AC5D0064531A /* ThemeColorViewController.swift in Sources */,
				E7052E9226560F5300B717F8 /* HabitViewModel.swift in Sources */,
				E7BDCCFB266D04E100C0B1A2 /* LoadingViewController.swift in Sources */,
				E736860D266A3903002E2278 /* BlocklistTableViewCell.swift in Sources */,
				E7B3C907267A779A0039C82A /* UIView+Extension.swift in Sources */,
				E7052E702653506800B717F8 /* ProfileViewController.swift in Sources */,
				E7860420265AA11500AC0F36 /* User.swift in Sources */,
				E74F4246265BC66C00C9AB3D /* ProfileViewModel.swift in Sources */,
				E74F424E265CF74A00C9AB3D /* Achievement.swift in Sources */,
				E7362FF3267224EF00D23F3C /* MyAuthorizationAppleIDButton.swift in Sources */,
			);
			runOnlyForDeploymentPostprocessing = 0;
		};
/* End PBXSourcesBuildPhase section */

/* Begin PBXVariantGroup section */
		E7673BF22670F72700527585 /* Localizable.strings */ = {
			isa = PBXVariantGroup;
			children = (
				E7673BF12670F72700527585 /* en */,
				E7673BF32670F76500527585 /* zh-Hant */,
			);
			name = Localizable.strings;
			sourceTree = "<group>";
		};
		E7910F54264AE777003F0DAC /* Main.storyboard */ = {
			isa = PBXVariantGroup;
			children = (
				E7910F55264AE777003F0DAC /* Base */,
				E7673BED2670F4A600527585 /* zh-Hant */,
			);
			name = Main.storyboard;
			sourceTree = "<group>";
		};
		E7910F59264AE77C003F0DAC /* LaunchScreen.storyboard */ = {
			isa = PBXVariantGroup;
			children = (
				E7910F5A264AE77C003F0DAC /* Base */,
				E7673BEC2670F4A600527585 /* zh-Hant */,
			);
			name = LaunchScreen.storyboard;
			sourceTree = "<group>";
		};
/* End PBXVariantGroup section */

/* Begin XCBuildConfiguration section */
		E7910F5D264AE77C003F0DAC /* Debug */ = {
			isa = XCBuildConfiguration;
			buildSettings = {
				ALWAYS_SEARCH_USER_PATHS = NO;
				CLANG_ANALYZER_LOCALIZABILITY_NONLOCALIZED = YES;
				CLANG_ANALYZER_NONNULL = YES;
				CLANG_ANALYZER_NUMBER_OBJECT_CONVERSION = YES_AGGRESSIVE;
				CLANG_CXX_LANGUAGE_STANDARD = "gnu++14";
				CLANG_CXX_LIBRARY = "libc++";
				CLANG_ENABLE_MODULES = YES;
				CLANG_ENABLE_OBJC_ARC = YES;
				CLANG_ENABLE_OBJC_WEAK = YES;
				CLANG_WARN_BLOCK_CAPTURE_AUTORELEASING = YES;
				CLANG_WARN_BOOL_CONVERSION = YES;
				CLANG_WARN_COMMA = YES;
				CLANG_WARN_CONSTANT_CONVERSION = YES;
				CLANG_WARN_DEPRECATED_OBJC_IMPLEMENTATIONS = YES;
				CLANG_WARN_DIRECT_OBJC_ISA_USAGE = YES_ERROR;
				CLANG_WARN_DOCUMENTATION_COMMENTS = YES;
				CLANG_WARN_EMPTY_BODY = YES;
				CLANG_WARN_ENUM_CONVERSION = YES;
				CLANG_WARN_INFINITE_RECURSION = YES;
				CLANG_WARN_INT_CONVERSION = YES;
				CLANG_WARN_NON_LITERAL_NULL_CONVERSION = YES;
				CLANG_WARN_OBJC_IMPLICIT_RETAIN_SELF = YES;
				CLANG_WARN_OBJC_LITERAL_CONVERSION = YES;
				CLANG_WARN_OBJC_ROOT_CLASS = YES_ERROR;
				CLANG_WARN_QUOTED_INCLUDE_IN_FRAMEWORK_HEADER = YES;
				CLANG_WARN_RANGE_LOOP_ANALYSIS = YES;
				CLANG_WARN_STRICT_PROTOTYPES = YES;
				CLANG_WARN_SUSPICIOUS_MOVE = YES;
				CLANG_WARN_UNGUARDED_AVAILABILITY = YES_AGGRESSIVE;
				CLANG_WARN_UNREACHABLE_CODE = YES;
				CLANG_WARN__DUPLICATE_METHOD_MATCH = YES;
				COPY_PHASE_STRIP = NO;
				DEBUG_INFORMATION_FORMAT = "dwarf-with-dsym";
				ENABLE_STRICT_OBJC_MSGSEND = YES;
				ENABLE_TESTABILITY = YES;
				GCC_C_LANGUAGE_STANDARD = gnu11;
				GCC_DYNAMIC_NO_PIC = NO;
				GCC_NO_COMMON_BLOCKS = YES;
				GCC_OPTIMIZATION_LEVEL = 0;
				GCC_PREPROCESSOR_DEFINITIONS = (
					"DEBUG=1",
					"$(inherited)",
				);
				GCC_WARN_64_TO_32_BIT_CONVERSION = YES;
				GCC_WARN_ABOUT_RETURN_TYPE = YES_ERROR;
				GCC_WARN_UNDECLARED_SELECTOR = YES;
				GCC_WARN_UNINITIALIZED_AUTOS = YES_AGGRESSIVE;
				GCC_WARN_UNUSED_FUNCTION = YES;
				GCC_WARN_UNUSED_VARIABLE = YES;
				IPHONEOS_DEPLOYMENT_TARGET = 13.4;
				MTL_ENABLE_DEBUG_INFO = INCLUDE_SOURCE;
				MTL_FAST_MATH = YES;
				ONLY_ACTIVE_ARCH = YES;
				SDKROOT = iphoneos;
				SWIFT_ACTIVE_COMPILATION_CONDITIONS = DEBUG;
				SWIFT_OPTIMIZATION_LEVEL = "-Onone";
			};
			name = Debug;
		};
		E7910F5E264AE77C003F0DAC /* Release */ = {
			isa = XCBuildConfiguration;
			buildSettings = {
				ALWAYS_SEARCH_USER_PATHS = NO;
				CLANG_ANALYZER_LOCALIZABILITY_NONLOCALIZED = YES;
				CLANG_ANALYZER_NONNULL = YES;
				CLANG_ANALYZER_NUMBER_OBJECT_CONVERSION = YES_AGGRESSIVE;
				CLANG_CXX_LANGUAGE_STANDARD = "gnu++14";
				CLANG_CXX_LIBRARY = "libc++";
				CLANG_ENABLE_MODULES = YES;
				CLANG_ENABLE_OBJC_ARC = YES;
				CLANG_ENABLE_OBJC_WEAK = YES;
				CLANG_WARN_BLOCK_CAPTURE_AUTORELEASING = YES;
				CLANG_WARN_BOOL_CONVERSION = YES;
				CLANG_WARN_COMMA = YES;
				CLANG_WARN_CONSTANT_CONVERSION = YES;
				CLANG_WARN_DEPRECATED_OBJC_IMPLEMENTATIONS = YES;
				CLANG_WARN_DIRECT_OBJC_ISA_USAGE = YES_ERROR;
				CLANG_WARN_DOCUMENTATION_COMMENTS = YES;
				CLANG_WARN_EMPTY_BODY = YES;
				CLANG_WARN_ENUM_CONVERSION = YES;
				CLANG_WARN_INFINITE_RECURSION = YES;
				CLANG_WARN_INT_CONVERSION = YES;
				CLANG_WARN_NON_LITERAL_NULL_CONVERSION = YES;
				CLANG_WARN_OBJC_IMPLICIT_RETAIN_SELF = YES;
				CLANG_WARN_OBJC_LITERAL_CONVERSION = YES;
				CLANG_WARN_OBJC_ROOT_CLASS = YES_ERROR;
				CLANG_WARN_QUOTED_INCLUDE_IN_FRAMEWORK_HEADER = YES;
				CLANG_WARN_RANGE_LOOP_ANALYSIS = YES;
				CLANG_WARN_STRICT_PROTOTYPES = YES;
				CLANG_WARN_SUSPICIOUS_MOVE = YES;
				CLANG_WARN_UNGUARDED_AVAILABILITY = YES_AGGRESSIVE;
				CLANG_WARN_UNREACHABLE_CODE = YES;
				CLANG_WARN__DUPLICATE_METHOD_MATCH = YES;
				COPY_PHASE_STRIP = NO;
				DEBUG_INFORMATION_FORMAT = "dwarf-with-dsym";
				ENABLE_NS_ASSERTIONS = NO;
				ENABLE_STRICT_OBJC_MSGSEND = YES;
				GCC_C_LANGUAGE_STANDARD = gnu11;
				GCC_NO_COMMON_BLOCKS = YES;
				GCC_WARN_64_TO_32_BIT_CONVERSION = YES;
				GCC_WARN_ABOUT_RETURN_TYPE = YES_ERROR;
				GCC_WARN_UNDECLARED_SELECTOR = YES;
				GCC_WARN_UNINITIALIZED_AUTOS = YES_AGGRESSIVE;
				GCC_WARN_UNUSED_FUNCTION = YES;
				GCC_WARN_UNUSED_VARIABLE = YES;
				IPHONEOS_DEPLOYMENT_TARGET = 13.4;
				MTL_ENABLE_DEBUG_INFO = NO;
				MTL_FAST_MATH = YES;
				SDKROOT = iphoneos;
				SWIFT_COMPILATION_MODE = wholemodule;
				SWIFT_OPTIMIZATION_LEVEL = "-O";
				VALIDATE_PRODUCT = YES;
			};
			name = Release;
		};
		E7910F60264AE77C003F0DAC /* Debug */ = {
			isa = XCBuildConfiguration;
			baseConfigurationReference = 0A350669CA1AD1C8B735D252 /* Pods-Hahabbit.debug.xcconfig */;
			buildSettings = {
				ASSETCATALOG_COMPILER_APPICON_NAME = AppIcon;
				ASSETCATALOG_COMPILER_GLOBAL_ACCENT_COLOR_NAME = AccentColor;
				CODE_SIGN_ENTITLEMENTS = Hahabbit/Hahabbit.entitlements;
				CODE_SIGN_STYLE = Automatic;
				CURRENT_PROJECT_VERSION = 2;
				DEVELOPMENT_TEAM = B6VUKK5MCY;
				INFOPLIST_FILE = Hahabbit/Info.plist;
				LD_RUNPATH_SEARCH_PATHS = (
					"$(inherited)",
					"@executable_path/Frameworks",
				);
				MARKETING_VERSION = 1.0.2;
				PRODUCT_BUNDLE_IDENTIFIER = com.max.Hahabbit;
				PRODUCT_NAME = "$(TARGET_NAME)";
				SWIFT_VERSION = 5.0;
				TARGETED_DEVICE_FAMILY = 1;
			};
			name = Debug;
		};
		E7910F61264AE77C003F0DAC /* Release */ = {
			isa = XCBuildConfiguration;
			baseConfigurationReference = 7CA43CF2F9B70177D5F18D32 /* Pods-Hahabbit.release.xcconfig */;
			buildSettings = {
				ASSETCATALOG_COMPILER_APPICON_NAME = AppIcon;
				ASSETCATALOG_COMPILER_GLOBAL_ACCENT_COLOR_NAME = AccentColor;
				CODE_SIGN_ENTITLEMENTS = Hahabbit/Hahabbit.entitlements;
				CODE_SIGN_STYLE = Automatic;
				CURRENT_PROJECT_VERSION = 2;
				DEVELOPMENT_TEAM = B6VUKK5MCY;
				INFOPLIST_FILE = Hahabbit/Info.plist;
				LD_RUNPATH_SEARCH_PATHS = (
					"$(inherited)",
					"@executable_path/Frameworks",
				);
				MARKETING_VERSION = 1.0.2;
				ONLY_ACTIVE_ARCH = YES;
				PRODUCT_BUNDLE_IDENTIFIER = com.max.Hahabbit;
				PRODUCT_NAME = "$(TARGET_NAME)";
				SWIFT_VERSION = 5.0;
				TARGETED_DEVICE_FAMILY = 1;
			};
			name = Release;
		};
/* End XCBuildConfiguration section */

/* Begin XCConfigurationList section */
		E7910F46264AE777003F0DAC /* Build configuration list for PBXProject "Hahabbit" */ = {
			isa = XCConfigurationList;
			buildConfigurations = (
				E7910F5D264AE77C003F0DAC /* Debug */,
				E7910F5E264AE77C003F0DAC /* Release */,
			);
			defaultConfigurationIsVisible = 0;
			defaultConfigurationName = Release;
		};
		E7910F5F264AE77C003F0DAC /* Build configuration list for PBXNativeTarget "Hahabbit" */ = {
			isa = XCConfigurationList;
			buildConfigurations = (
				E7910F60264AE77C003F0DAC /* Debug */,
				E7910F61264AE77C003F0DAC /* Release */,
			);
			defaultConfigurationIsVisible = 0;
			defaultConfigurationName = Release;
		};
/* End XCConfigurationList section */
	};
	rootObject = E7910F43264AE777003F0DAC /* Project object */;
}
