// !$*UTF8*$!
{
	archiveVersion = 1;
	classes = {
	};
	objectVersion = 51;
	objects = {

/* Begin PBXBuildFile section */
		54A60F19C730FF6B148C6E77 /* Pods_Hahabbit.framework in Frameworks */ = {isa = PBXBuildFile; fileRef = C0F5A42445D4AC6FE6682712 /* Pods_Hahabbit.framework */; };
		E7052E4D2652476600B717F8 /* MainPageTableViewCell.swift in Sources */ = {isa = PBXBuildFile; fileRef = E7052E4B2652476600B717F8 /* MainPageTableViewCell.swift */; };
		E7052E4E2652476600B717F8 /* MainPageTableViewCell.xib in Resources */ = {isa = PBXBuildFile; fileRef = E7052E4C2652476600B717F8 /* MainPageTableViewCell.xib */; };
		E7052E5026524B6900B717F8 /* MockData.swift in Sources */ = {isa = PBXBuildFile; fileRef = E7052E4F26524B6900B717F8 /* MockData.swift */; };
		E7052E532652510400B717F8 /* CalendarPageViewController.swift in Sources */ = {isa = PBXBuildFile; fileRef = E7052E522652510400B717F8 /* CalendarPageViewController.swift */; };
		E7052E5826525D9200B717F8 /* HabitDetailViewController.swift in Sources */ = {isa = PBXBuildFile; fileRef = E7052E5726525D9200B717F8 /* HabitDetailViewController.swift */; };
		E7052E5B26527C0800B717F8 /* IconCell.swift in Sources */ = {isa = PBXBuildFile; fileRef = E7052E5A26527C0800B717F8 /* IconCell.swift */; };
		E7052E5E26527D5F00B717F8 /* AddNewGoalDetailViewController.swift in Sources */ = {isa = PBXBuildFile; fileRef = E7052E5D26527D5F00B717F8 /* AddNewGoalDetailViewController.swift */; };
		E7052E6226528A3400B717F8 /* FrequencyViewController.swift in Sources */ = {isa = PBXBuildFile; fileRef = E7052E6126528A3400B717F8 /* FrequencyViewController.swift */; };
		E7052E6526528BA300B717F8 /* FrequencyCell.swift in Sources */ = {isa = PBXBuildFile; fileRef = E7052E6426528BA300B717F8 /* FrequencyCell.swift */; };
		E7052E682652AA2E00B717F8 /* PublichHabitsViewController.swift in Sources */ = {isa = PBXBuildFile; fileRef = E7052E672652AA2E00B717F8 /* PublichHabitsViewController.swift */; };
		E7052E6C2652D74500B717F8 /* PublicGoalsTableViewCell.swift in Sources */ = {isa = PBXBuildFile; fileRef = E7052E6A2652D74500B717F8 /* PublicGoalsTableViewCell.swift */; };
		E7052E6D2652D74500B717F8 /* PublicGoalsTableViewCell.xib in Resources */ = {isa = PBXBuildFile; fileRef = E7052E6B2652D74500B717F8 /* PublicGoalsTableViewCell.xib */; };
		E7052E702653506800B717F8 /* ProfileViewController.swift in Sources */ = {isa = PBXBuildFile; fileRef = E7052E6F2653506800B717F8 /* ProfileViewController.swift */; };
		E7052E732653560400B717F8 /* ProfileTableViewCell.swift in Sources */ = {isa = PBXBuildFile; fileRef = E7052E722653560400B717F8 /* ProfileTableViewCell.swift */; };
		E7052E762653574A00B717F8 /* SettingsTableViewCell.swift in Sources */ = {isa = PBXBuildFile; fileRef = E7052E752653574A00B717F8 /* SettingsTableViewCell.swift */; };
		E7052E792653CCE500B717F8 /* AchievementsTableViewCell.swift in Sources */ = {isa = PBXBuildFile; fileRef = E7052E782653CCE500B717F8 /* AchievementsTableViewCell.swift */; };
		E7052E7B2653D18900B717F8 /* AchievementsCollectionViewCell.swift in Sources */ = {isa = PBXBuildFile; fileRef = E7052E7A2653D18900B717F8 /* AchievementsCollectionViewCell.swift */; };
		E7052E7E2653D34800B717F8 /* AllAchievementsViewController.swift in Sources */ = {isa = PBXBuildFile; fileRef = E7052E7D2653D34800B717F8 /* AllAchievementsViewController.swift */; };
		E7052E812653D59D00B717F8 /* AchievementsDetailTableViewCell.swift in Sources */ = {isa = PBXBuildFile; fileRef = E7052E802653D59D00B717F8 /* AchievementsDetailTableViewCell.swift */; };
		E7052E842654C1BB00B717F8 /* PublicHabitDetailViewController.swift in Sources */ = {isa = PBXBuildFile; fileRef = E7052E832654C1BB00B717F8 /* PublicHabitDetailViewController.swift */; };
		E7052E872654E62500B717F8 /* HabitManager.swift in Sources */ = {isa = PBXBuildFile; fileRef = E7052E862654E62500B717F8 /* HabitManager.swift */; };
		E7052E892654E9D800B717F8 /* Habit.swift in Sources */ = {isa = PBXBuildFile; fileRef = E7052E882654E9D800B717F8 /* Habit.swift */; };
		E7052E8C2655F25700B717F8 /* Box.swift in Sources */ = {isa = PBXBuildFile; fileRef = E7052E8B2655F25700B717F8 /* Box.swift */; };
		E7052E8F2656090A00B717F8 /* HomeViewModel.swift in Sources */ = {isa = PBXBuildFile; fileRef = E7052E8E2656090A00B717F8 /* HomeViewModel.swift */; };
		E7052E9226560F5300B717F8 /* HabitViewModel.swift in Sources */ = {isa = PBXBuildFile; fileRef = E7052E9126560F5300B717F8 /* HabitViewModel.swift */; };
		E74F423F265B89F300C9AB3D /* PublicHabitDetailCell.swift in Sources */ = {isa = PBXBuildFile; fileRef = E74F423E265B89F300C9AB3D /* PublicHabitDetailCell.swift */; };
		E756742226598AE600B236E3 /* GraphViewModel.swift in Sources */ = {isa = PBXBuildFile; fileRef = E756742126598AE600B236E3 /* GraphViewModel.swift */; };
		E786041E265A9B4000AC0F36 /* PublicHabitViewModel.swift in Sources */ = {isa = PBXBuildFile; fileRef = E786041D265A9B4000AC0F36 /* PublicHabitViewModel.swift */; };
		E7860420265AA11500AC0F36 /* User.swift in Sources */ = {isa = PBXBuildFile; fileRef = E786041F265AA11500AC0F36 /* User.swift */; };
		E7910F4F264AE777003F0DAC /* AppDelegate.swift in Sources */ = {isa = PBXBuildFile; fileRef = E7910F4E264AE777003F0DAC /* AppDelegate.swift */; };
		E7910F51264AE777003F0DAC /* SceneDelegate.swift in Sources */ = {isa = PBXBuildFile; fileRef = E7910F50264AE777003F0DAC /* SceneDelegate.swift */; };
		E7910F53264AE777003F0DAC /* MainViewController.swift in Sources */ = {isa = PBXBuildFile; fileRef = E7910F52264AE777003F0DAC /* MainViewController.swift */; };
		E7910F56264AE777003F0DAC /* Main.storyboard in Resources */ = {isa = PBXBuildFile; fileRef = E7910F54264AE777003F0DAC /* Main.storyboard */; };
		E7910F58264AE77C003F0DAC /* Assets.xcassets in Resources */ = {isa = PBXBuildFile; fileRef = E7910F57264AE77C003F0DAC /* Assets.xcassets */; };
		E7910F5B264AE77C003F0DAC /* LaunchScreen.storyboard in Resources */ = {isa = PBXBuildFile; fileRef = E7910F59264AE77C003F0DAC /* LaunchScreen.storyboard */; };
		E7910F64264AF56A003F0DAC /* GoogleService-Info.plist in Resources */ = {isa = PBXBuildFile; fileRef = E7910F63264AF56A003F0DAC /* GoogleService-Info.plist */; };
		E7910F6C264B87BB003F0DAC /* AddNewGoal.storyboard in Resources */ = {isa = PBXBuildFile; fileRef = E7910F6B264B87BB003F0DAC /* AddNewGoal.storyboard */; };
		E7910F6E264B9190003F0DAC /* Achievements.storyboard in Resources */ = {isa = PBXBuildFile; fileRef = E7910F6D264B9190003F0DAC /* Achievements.storyboard */; };
		E7910F70264B91D6003F0DAC /* PublicGoals.storyboard in Resources */ = {isa = PBXBuildFile; fileRef = E7910F6F264B91D6003F0DAC /* PublicGoals.storyboard */; };
		E7910F72264B9243003F0DAC /* Profile.storyboard in Resources */ = {isa = PBXBuildFile; fileRef = E7910F71264B9243003F0DAC /* Profile.storyboard */; };
		E7910F74264BA7FF003F0DAC /* AddNewGoalViewController.swift in Sources */ = {isa = PBXBuildFile; fileRef = E7910F73264BA7FF003F0DAC /* AddNewGoalViewController.swift */; };
		E7910F77264BC011003F0DAC /* AddNewGoalCell.swift in Sources */ = {isa = PBXBuildFile; fileRef = E7910F76264BC011003F0DAC /* AddNewGoalCell.swift */; };
		E7910F79264BC0FB003F0DAC /* Constants.swift in Sources */ = {isa = PBXBuildFile; fileRef = E7910F78264BC0FB003F0DAC /* Constants.swift */; };
		E7910F7B264BEDFD003F0DAC /* AchievementsViewController.swift in Sources */ = {isa = PBXBuildFile; fileRef = E7910F7A264BEDFD003F0DAC /* AchievementsViewController.swift */; };
/* End PBXBuildFile section */

/* Begin PBXFileReference section */
		0A350669CA1AD1C8B735D252 /* Pods-Hahabbit.debug.xcconfig */ = {isa = PBXFileReference; includeInIndex = 1; lastKnownFileType = text.xcconfig; name = "Pods-Hahabbit.debug.xcconfig"; path = "Target Support Files/Pods-Hahabbit/Pods-Hahabbit.debug.xcconfig"; sourceTree = "<group>"; };
		7CA43CF2F9B70177D5F18D32 /* Pods-Hahabbit.release.xcconfig */ = {isa = PBXFileReference; includeInIndex = 1; lastKnownFileType = text.xcconfig; name = "Pods-Hahabbit.release.xcconfig"; path = "Target Support Files/Pods-Hahabbit/Pods-Hahabbit.release.xcconfig"; sourceTree = "<group>"; };
		C0F5A42445D4AC6FE6682712 /* Pods_Hahabbit.framework */ = {isa = PBXFileReference; explicitFileType = wrapper.framework; includeInIndex = 0; path = Pods_Hahabbit.framework; sourceTree = BUILT_PRODUCTS_DIR; };
		E7052E4B2652476600B717F8 /* MainPageTableViewCell.swift */ = {isa = PBXFileReference; lastKnownFileType = sourcecode.swift; path = MainPageTableViewCell.swift; sourceTree = "<group>"; };
		E7052E4C2652476600B717F8 /* MainPageTableViewCell.xib */ = {isa = PBXFileReference; lastKnownFileType = file.xib; path = MainPageTableViewCell.xib; sourceTree = "<group>"; };
		E7052E4F26524B6900B717F8 /* MockData.swift */ = {isa = PBXFileReference; lastKnownFileType = sourcecode.swift; path = MockData.swift; sourceTree = "<group>"; };
		E7052E522652510400B717F8 /* CalendarPageViewController.swift */ = {isa = PBXFileReference; lastKnownFileType = sourcecode.swift; path = CalendarPageViewController.swift; sourceTree = "<group>"; };
		E7052E5726525D9200B717F8 /* HabitDetailViewController.swift */ = {isa = PBXFileReference; lastKnownFileType = sourcecode.swift; path = HabitDetailViewController.swift; sourceTree = "<group>"; };
		E7052E5A26527C0800B717F8 /* IconCell.swift */ = {isa = PBXFileReference; lastKnownFileType = sourcecode.swift; path = IconCell.swift; sourceTree = "<group>"; };
		E7052E5D26527D5F00B717F8 /* AddNewGoalDetailViewController.swift */ = {isa = PBXFileReference; lastKnownFileType = sourcecode.swift; path = AddNewGoalDetailViewController.swift; sourceTree = "<group>"; };
		E7052E6126528A3400B717F8 /* FrequencyViewController.swift */ = {isa = PBXFileReference; lastKnownFileType = sourcecode.swift; path = FrequencyViewController.swift; sourceTree = "<group>"; };
		E7052E6426528BA300B717F8 /* FrequencyCell.swift */ = {isa = PBXFileReference; lastKnownFileType = sourcecode.swift; path = FrequencyCell.swift; sourceTree = "<group>"; };
		E7052E672652AA2E00B717F8 /* PublichHabitsViewController.swift */ = {isa = PBXFileReference; lastKnownFileType = sourcecode.swift; path = PublichHabitsViewController.swift; sourceTree = "<group>"; };
		E7052E6A2652D74500B717F8 /* PublicGoalsTableViewCell.swift */ = {isa = PBXFileReference; lastKnownFileType = sourcecode.swift; path = PublicGoalsTableViewCell.swift; sourceTree = "<group>"; };
		E7052E6B2652D74500B717F8 /* PublicGoalsTableViewCell.xib */ = {isa = PBXFileReference; lastKnownFileType = file.xib; path = PublicGoalsTableViewCell.xib; sourceTree = "<group>"; };
		E7052E6F2653506800B717F8 /* ProfileViewController.swift */ = {isa = PBXFileReference; lastKnownFileType = sourcecode.swift; path = ProfileViewController.swift; sourceTree = "<group>"; };
		E7052E722653560400B717F8 /* ProfileTableViewCell.swift */ = {isa = PBXFileReference; lastKnownFileType = sourcecode.swift; path = ProfileTableViewCell.swift; sourceTree = "<group>"; };
		E7052E752653574A00B717F8 /* SettingsTableViewCell.swift */ = {isa = PBXFileReference; lastKnownFileType = sourcecode.swift; path = SettingsTableViewCell.swift; sourceTree = "<group>"; };
		E7052E782653CCE500B717F8 /* AchievementsTableViewCell.swift */ = {isa = PBXFileReference; lastKnownFileType = sourcecode.swift; path = AchievementsTableViewCell.swift; sourceTree = "<group>"; };
		E7052E7A2653D18900B717F8 /* AchievementsCollectionViewCell.swift */ = {isa = PBXFileReference; lastKnownFileType = sourcecode.swift; path = AchievementsCollectionViewCell.swift; sourceTree = "<group>"; };
		E7052E7D2653D34800B717F8 /* AllAchievementsViewController.swift */ = {isa = PBXFileReference; lastKnownFileType = sourcecode.swift; path = AllAchievementsViewController.swift; sourceTree = "<group>"; };
		E7052E802653D59D00B717F8 /* AchievementsDetailTableViewCell.swift */ = {isa = PBXFileReference; lastKnownFileType = sourcecode.swift; path = AchievementsDetailTableViewCell.swift; sourceTree = "<group>"; };
		E7052E832654C1BB00B717F8 /* PublicHabitDetailViewController.swift */ = {isa = PBXFileReference; lastKnownFileType = sourcecode.swift; path = PublicHabitDetailViewController.swift; sourceTree = "<group>"; };
		E7052E862654E62500B717F8 /* HabitManager.swift */ = {isa = PBXFileReference; lastKnownFileType = sourcecode.swift; path = HabitManager.swift; sourceTree = "<group>"; };
		E7052E882654E9D800B717F8 /* Habit.swift */ = {isa = PBXFileReference; lastKnownFileType = sourcecode.swift; path = Habit.swift; sourceTree = "<group>"; };
		E7052E8B2655F25700B717F8 /* Box.swift */ = {isa = PBXFileReference; lastKnownFileType = sourcecode.swift; path = Box.swift; sourceTree = "<group>"; };
		E7052E8E2656090A00B717F8 /* HomeViewModel.swift */ = {isa = PBXFileReference; lastKnownFileType = sourcecode.swift; path = HomeViewModel.swift; sourceTree = "<group>"; };
		E7052E9126560F5300B717F8 /* HabitViewModel.swift */ = {isa = PBXFileReference; lastKnownFileType = sourcecode.swift; path = HabitViewModel.swift; sourceTree = "<group>"; };
		E74F423E265B89F300C9AB3D /* PublicHabitDetailCell.swift */ = {isa = PBXFileReference; lastKnownFileType = sourcecode.swift; path = PublicHabitDetailCell.swift; sourceTree = "<group>"; };
		E756742126598AE600B236E3 /* GraphViewModel.swift */ = {isa = PBXFileReference; lastKnownFileType = sourcecode.swift; path = GraphViewModel.swift; sourceTree = "<group>"; };
		E786041D265A9B4000AC0F36 /* PublicHabitViewModel.swift */ = {isa = PBXFileReference; lastKnownFileType = sourcecode.swift; path = PublicHabitViewModel.swift; sourceTree = "<group>"; };
		E786041F265AA11500AC0F36 /* User.swift */ = {isa = PBXFileReference; lastKnownFileType = sourcecode.swift; path = User.swift; sourceTree = "<group>"; };
		E7910F4B264AE777003F0DAC /* Hahabbit.app */ = {isa = PBXFileReference; explicitFileType = wrapper.application; includeInIndex = 0; path = Hahabbit.app; sourceTree = BUILT_PRODUCTS_DIR; };
		E7910F4E264AE777003F0DAC /* AppDelegate.swift */ = {isa = PBXFileReference; lastKnownFileType = sourcecode.swift; path = AppDelegate.swift; sourceTree = "<group>"; };
		E7910F50264AE777003F0DAC /* SceneDelegate.swift */ = {isa = PBXFileReference; lastKnownFileType = sourcecode.swift; path = SceneDelegate.swift; sourceTree = "<group>"; };
		E7910F52264AE777003F0DAC /* MainViewController.swift */ = {isa = PBXFileReference; lastKnownFileType = sourcecode.swift; path = MainViewController.swift; sourceTree = "<group>"; };
		E7910F55264AE777003F0DAC /* Base */ = {isa = PBXFileReference; lastKnownFileType = file.storyboard; name = Base; path = Base.lproj/Main.storyboard; sourceTree = "<group>"; };
		E7910F57264AE77C003F0DAC /* Assets.xcassets */ = {isa = PBXFileReference; lastKnownFileType = folder.assetcatalog; path = Assets.xcassets; sourceTree = "<group>"; };
		E7910F5A264AE77C003F0DAC /* Base */ = {isa = PBXFileReference; lastKnownFileType = file.storyboard; name = Base; path = Base.lproj/LaunchScreen.storyboard; sourceTree = "<group>"; };
		E7910F5C264AE77C003F0DAC /* Info.plist */ = {isa = PBXFileReference; lastKnownFileType = text.plist.xml; path = Info.plist; sourceTree = "<group>"; };
		E7910F63264AF56A003F0DAC /* GoogleService-Info.plist */ = {isa = PBXFileReference; fileEncoding = 4; lastKnownFileType = text.plist.xml; path = "GoogleService-Info.plist"; sourceTree = "<group>"; };
		E7910F6B264B87BB003F0DAC /* AddNewGoal.storyboard */ = {isa = PBXFileReference; lastKnownFileType = file.storyboard; path = AddNewGoal.storyboard; sourceTree = "<group>"; };
		E7910F6D264B9190003F0DAC /* Achievements.storyboard */ = {isa = PBXFileReference; lastKnownFileType = file.storyboard; path = Achievements.storyboard; sourceTree = "<group>"; };
		E7910F6F264B91D6003F0DAC /* PublicGoals.storyboard */ = {isa = PBXFileReference; lastKnownFileType = file.storyboard; path = PublicGoals.storyboard; sourceTree = "<group>"; };
		E7910F71264B9243003F0DAC /* Profile.storyboard */ = {isa = PBXFileReference; lastKnownFileType = file.storyboard; path = Profile.storyboard; sourceTree = "<group>"; };
		E7910F73264BA7FF003F0DAC /* AddNewGoalViewController.swift */ = {isa = PBXFileReference; lastKnownFileType = sourcecode.swift; path = AddNewGoalViewController.swift; sourceTree = "<group>"; };
		E7910F76264BC011003F0DAC /* AddNewGoalCell.swift */ = {isa = PBXFileReference; lastKnownFileType = sourcecode.swift; path = AddNewGoalCell.swift; sourceTree = "<group>"; };
		E7910F78264BC0FB003F0DAC /* Constants.swift */ = {isa = PBXFileReference; lastKnownFileType = sourcecode.swift; path = Constants.swift; sourceTree = "<group>"; };
		E7910F7A264BEDFD003F0DAC /* AchievementsViewController.swift */ = {isa = PBXFileReference; lastKnownFileType = sourcecode.swift; path = AchievementsViewController.swift; sourceTree = "<group>"; };
/* End PBXFileReference section */

/* Begin PBXFrameworksBuildPhase section */
		E7910F48264AE777003F0DAC /* Frameworks */ = {
			isa = PBXFrameworksBuildPhase;
			buildActionMask = 2147483647;
			files = (
				54A60F19C730FF6B148C6E77 /* Pods_Hahabbit.framework in Frameworks */,
			);
			runOnlyForDeploymentPostprocessing = 0;
		};
/* End PBXFrameworksBuildPhase section */

/* Begin PBXGroup section */
		22C1CA743F7F4648491606C4 /* Pods */ = {
			isa = PBXGroup;
			children = (
				0A350669CA1AD1C8B735D252 /* Pods-Hahabbit.debug.xcconfig */,
				7CA43CF2F9B70177D5F18D32 /* Pods-Hahabbit.release.xcconfig */,
			);
			path = Pods;
			sourceTree = "<group>";
		};
		811122708C88BFE26CC4CAE8 /* Frameworks */ = {
			isa = PBXGroup;
			children = (
				C0F5A42445D4AC6FE6682712 /* Pods_Hahabbit.framework */,
			);
			name = Frameworks;
			sourceTree = "<group>";
		};
		E7052E482652410200B717F8 /* Model */ = {
			isa = PBXGroup;
			children = (
				E7052E4F26524B6900B717F8 /* MockData.swift */,
				E7052E882654E9D800B717F8 /* Habit.swift */,
				E786041F265AA11500AC0F36 /* User.swift */,
			);
			path = Model;
			sourceTree = "<group>";
		};
		E7052E492652422300B717F8 /* MainPage */ = {
			isa = PBXGroup;
			children = (
				E7910F52264AE777003F0DAC /* MainViewController.swift */,
			);
			path = MainPage;
			sourceTree = "<group>";
		};
		E7052E4A2652472700B717F8 /* MainPageCell */ = {
			isa = PBXGroup;
			children = (
				E7052E4B2652476600B717F8 /* MainPageTableViewCell.swift */,
				E7052E4C2652476600B717F8 /* MainPageTableViewCell.xib */,
			);
			path = MainPageCell;
			sourceTree = "<group>";
		};
		E7052E51265250DC00B717F8 /* CalendarPage */ = {
			isa = PBXGroup;
			children = (
				E7052E522652510400B717F8 /* CalendarPageViewController.swift */,
			);
			path = CalendarPage;
			sourceTree = "<group>";
		};
		E7052E5426525BA800B717F8 /* AchievementsPage */ = {
			isa = PBXGroup;
			children = (
				E7910F7A264BEDFD003F0DAC /* AchievementsViewController.swift */,
			);
			path = AchievementsPage;
			sourceTree = "<group>";
		};
		E7052E5526525BBB00B717F8 /* AddNewGoalPage */ = {
			isa = PBXGroup;
			children = (
				E7910F73264BA7FF003F0DAC /* AddNewGoalViewController.swift */,
			);
			path = AddNewGoalPage;
			sourceTree = "<group>";
		};
		E7052E5626525CF600B717F8 /* HabitDetailPage */ = {
			isa = PBXGroup;
			children = (
				E7052E5726525D9200B717F8 /* HabitDetailViewController.swift */,
			);
			path = HabitDetailPage;
			sourceTree = "<group>";
		};
		E7052E5926527BDB00B717F8 /* AddNewGoalDetail */ = {
			isa = PBXGroup;
			children = (
				E7052E5A26527C0800B717F8 /* IconCell.swift */,
			);
			path = AddNewGoalDetail;
			sourceTree = "<group>";
		};
		E7052E5C26527D3300B717F8 /* AddNewGoalDetailPage */ = {
			isa = PBXGroup;
			children = (
				E7052E5D26527D5F00B717F8 /* AddNewGoalDetailViewController.swift */,
				E7052E6126528A3400B717F8 /* FrequencyViewController.swift */,
			);
			path = AddNewGoalDetailPage;
			sourceTree = "<group>";
		};
		E7052E6326528B6600B717F8 /* FrequencyCell */ = {
			isa = PBXGroup;
			children = (
				E7052E6426528BA300B717F8 /* FrequencyCell.swift */,
			);
			path = FrequencyCell;
			sourceTree = "<group>";
		};
		E7052E662652A9FF00B717F8 /* PublicGoalsPage */ = {
			isa = PBXGroup;
			children = (
				E7052E672652AA2E00B717F8 /* PublichHabitsViewController.swift */,
			);
			path = PublicGoalsPage;
			sourceTree = "<group>";
		};
		E7052E692652D71200B717F8 /* PublicGoalsCell */ = {
			isa = PBXGroup;
			children = (
				E7052E6A2652D74500B717F8 /* PublicGoalsTableViewCell.swift */,
				E7052E6B2652D74500B717F8 /* PublicGoalsTableViewCell.xib */,
			);
			path = PublicGoalsCell;
			sourceTree = "<group>";
		};
		E7052E6E2653502200B717F8 /* ProfilePage */ = {
			isa = PBXGroup;
			children = (
				E7052E6F2653506800B717F8 /* ProfileViewController.swift */,
			);
			path = ProfilePage;
			sourceTree = "<group>";
		};
		E7052E71265355CB00B717F8 /* ProfileCell */ = {
			isa = PBXGroup;
			children = (
				E7052E722653560400B717F8 /* ProfileTableViewCell.swift */,
			);
			path = ProfileCell;
			sourceTree = "<group>";
		};
		E7052E742653573700B717F8 /* SettingsCell */ = {
			isa = PBXGroup;
			children = (
				E7052E752653574A00B717F8 /* SettingsTableViewCell.swift */,
			);
			path = SettingsCell;
			sourceTree = "<group>";
		};
		E7052E772653CCAE00B717F8 /* AchievementsCell */ = {
			isa = PBXGroup;
			children = (
				E7052E782653CCE500B717F8 /* AchievementsTableViewCell.swift */,
				E7052E7A2653D18900B717F8 /* AchievementsCollectionViewCell.swift */,
			);
			path = AchievementsCell;
			sourceTree = "<group>";
		};
		E7052E7C2653D31400B717F8 /* AllAchievementsPage */ = {
			isa = PBXGroup;
			children = (
				E7052E7D2653D34800B717F8 /* AllAchievementsViewController.swift */,
			);
			path = AllAchievementsPage;
			sourceTree = "<group>";
		};
		E7052E7F2653D57600B717F8 /* AchievementsDetailCell */ = {
			isa = PBXGroup;
			children = (
				E7052E802653D59D00B717F8 /* AchievementsDetailTableViewCell.swift */,
			);
			path = AchievementsDetailCell;
			sourceTree = "<group>";
		};
		E7052E822654C16C00B717F8 /* PublicGoalsDetailPage */ = {
			isa = PBXGroup;
			children = (
				E7052E832654C1BB00B717F8 /* PublicHabitDetailViewController.swift */,
			);
			path = PublicGoalsDetailPage;
			sourceTree = "<group>";
		};
		E7052E852654E5D700B717F8 /* Network */ = {
			isa = PBXGroup;
			children = (
				E7052E862654E62500B717F8 /* HabitManager.swift */,
			);
			path = Network;
			sourceTree = "<group>";
		};
		E7052E8A2655F23700B717F8 /* util */ = {
			isa = PBXGroup;
			children = (
				E7052E8B2655F25700B717F8 /* Box.swift */,
			);
			path = util;
			sourceTree = "<group>";
		};
		E7052E8D265608EE00B717F8 /* HomeViewModel */ = {
			isa = PBXGroup;
			children = (
				E7052E8E2656090A00B717F8 /* HomeViewModel.swift */,
			);
			path = HomeViewModel;
			sourceTree = "<group>";
		};
		E7052E9026560F3700B717F8 /* HabitViewModel */ = {
			isa = PBXGroup;
			children = (
				E7052E9126560F5300B717F8 /* HabitViewModel.swift */,
			);
			path = HabitViewModel;
			sourceTree = "<group>";
		};
		E74F423D265B891E00C9AB3D /* PublicHabitDetailCell */ = {
			isa = PBXGroup;
			children = (
				E74F423E265B89F300C9AB3D /* PublicHabitDetailCell.swift */,
			);
			path = PublicHabitDetailCell;
			sourceTree = "<group>";
		};
		E756742026598AB600B236E3 /* GraphViewModel */ = {
			isa = PBXGroup;
			children = (
				E756742126598AE600B236E3 /* GraphViewModel.swift */,
			);
			path = GraphViewModel;
			sourceTree = "<group>";
		};
		E786041C265A9A6000AC0F36 /* PublicHabitViewModel */ = {
			isa = PBXGroup;
			children = (
				E786041D265A9B4000AC0F36 /* PublicHabitViewModel.swift */,
			);
			path = PublicHabitViewModel;
			sourceTree = "<group>";
		};
		E7910F42264AE777003F0DAC = {
			isa = PBXGroup;
			children = (
				E7910F4D264AE777003F0DAC /* Hahabbit */,
				E7910F4C264AE777003F0DAC /* Products */,
				22C1CA743F7F4648491606C4 /* Pods */,
				811122708C88BFE26CC4CAE8 /* Frameworks */,
			);
			sourceTree = "<group>";
		};
		E7910F4C264AE777003F0DAC /* Products */ = {
			isa = PBXGroup;
			children = (
				E7910F4B264AE777003F0DAC /* Hahabbit.app */,
			);
			name = Products;
			sourceTree = "<group>";
		};
		E7910F4D264AE777003F0DAC /* Hahabbit */ = {
			isa = PBXGroup;
			children = (
				E7052E8A2655F23700B717F8 /* util */,
				E7052E852654E5D700B717F8 /* Network */,
				E7910F68264B7EF7003F0DAC /* Controller */,
				E7910F67264B7EED003F0DAC /* ViewModel */,
				E7052E482652410200B717F8 /* Model */,
				E7910F65264B7EDC003F0DAC /* View */,
				E7910F6A264B7F5E003F0DAC /* Resource */,
				E7910F4E264AE777003F0DAC /* AppDelegate.swift */,
				E7910F50264AE777003F0DAC /* SceneDelegate.swift */,
				E7910F63264AF56A003F0DAC /* GoogleService-Info.plist */,
				E7910F5C264AE77C003F0DAC /* Info.plist */,
			);
			path = Hahabbit;
			sourceTree = "<group>";
		};
		E7910F65264B7EDC003F0DAC /* View */ = {
			isa = PBXGroup;
			children = (
				E74F423D265B891E00C9AB3D /* PublicHabitDetailCell */,
				E7052E7F2653D57600B717F8 /* AchievementsDetailCell */,
				E7052E772653CCAE00B717F8 /* AchievementsCell */,
				E7052E742653573700B717F8 /* SettingsCell */,
				E7052E71265355CB00B717F8 /* ProfileCell */,
				E7052E692652D71200B717F8 /* PublicGoalsCell */,
				E7052E6326528B6600B717F8 /* FrequencyCell */,
				E7052E5926527BDB00B717F8 /* AddNewGoalDetail */,
				E7052E4A2652472700B717F8 /* MainPageCell */,
				E7910F75264BBF9D003F0DAC /* AddNewGoalCell */,
				E7910F69264B7F00003F0DAC /* Storyboard */,
			);
			path = View;
			sourceTree = "<group>";
		};
		E7910F67264B7EED003F0DAC /* ViewModel */ = {
			isa = PBXGroup;
			children = (
				E786041C265A9A6000AC0F36 /* PublicHabitViewModel */,
				E756742026598AB600B236E3 /* GraphViewModel */,
				E7052E8D265608EE00B717F8 /* HomeViewModel */,
				E7052E9026560F3700B717F8 /* HabitViewModel */,
			);
			path = ViewModel;
			sourceTree = "<group>";
		};
		E7910F68264B7EF7003F0DAC /* Controller */ = {
			isa = PBXGroup;
			children = (
				E7052E822654C16C00B717F8 /* PublicGoalsDetailPage */,
				E7052E7C2653D31400B717F8 /* AllAchievementsPage */,
				E7052E6E2653502200B717F8 /* ProfilePage */,
				E7052E662652A9FF00B717F8 /* PublicGoalsPage */,
				E7052E5C26527D3300B717F8 /* AddNewGoalDetailPage */,
				E7052E5626525CF600B717F8 /* HabitDetailPage */,
				E7052E5526525BBB00B717F8 /* AddNewGoalPage */,
				E7052E5426525BA800B717F8 /* AchievementsPage */,
				E7052E51265250DC00B717F8 /* CalendarPage */,
				E7052E492652422300B717F8 /* MainPage */,
			);
			path = Controller;
			sourceTree = "<group>";
		};
		E7910F69264B7F00003F0DAC /* Storyboard */ = {
			isa = PBXGroup;
			children = (
				E7910F59264AE77C003F0DAC /* LaunchScreen.storyboard */,
				E7910F54264AE777003F0DAC /* Main.storyboard */,
				E7910F6B264B87BB003F0DAC /* AddNewGoal.storyboard */,
				E7910F6D264B9190003F0DAC /* Achievements.storyboard */,
				E7910F6F264B91D6003F0DAC /* PublicGoals.storyboard */,
				E7910F71264B9243003F0DAC /* Profile.storyboard */,
			);
			path = Storyboard;
			sourceTree = "<group>";
		};
		E7910F6A264B7F5E003F0DAC /* Resource */ = {
			isa = PBXGroup;
			children = (
				E7910F57264AE77C003F0DAC /* Assets.xcassets */,
				E7910F78264BC0FB003F0DAC /* Constants.swift */,
			);
			path = Resource;
			sourceTree = "<group>";
		};
		E7910F75264BBF9D003F0DAC /* AddNewGoalCell */ = {
			isa = PBXGroup;
			children = (
				E7910F76264BC011003F0DAC /* AddNewGoalCell.swift */,
			);
			path = AddNewGoalCell;
			sourceTree = "<group>";
		};
/* End PBXGroup section */

/* Begin PBXNativeTarget section */
		E7910F4A264AE777003F0DAC /* Hahabbit */ = {
			isa = PBXNativeTarget;
			buildConfigurationList = E7910F5F264AE77C003F0DAC /* Build configuration list for PBXNativeTarget "Hahabbit" */;
			buildPhases = (
				3635763E1E6641DB37CE1424 /* [CP] Check Pods Manifest.lock */,
				E7910F47264AE777003F0DAC /* Sources */,
				E7910F48264AE777003F0DAC /* Frameworks */,
				E7910F49264AE777003F0DAC /* Resources */,
				E7910F62264AEE07003F0DAC /* ShellScript */,
				E5E5113AEEC8C53E7D4A3193 /* [CP] Embed Pods Frameworks */,
			);
			buildRules = (
			);
			dependencies = (
			);
			name = Hahabbit;
			productName = Hahabbit;
			productReference = E7910F4B264AE777003F0DAC /* Hahabbit.app */;
			productType = "com.apple.product-type.application";
		};
/* End PBXNativeTarget section */

/* Begin PBXProject section */
		E7910F43264AE777003F0DAC /* Project object */ = {
			isa = PBXProject;
			attributes = {
				LastSwiftUpdateCheck = 1250;
				LastUpgradeCheck = 1250;
				TargetAttributes = {
					E7910F4A264AE777003F0DAC = {
						CreatedOnToolsVersion = 12.5;
					};
				};
			};
			buildConfigurationList = E7910F46264AE777003F0DAC /* Build configuration list for PBXProject "Hahabbit" */;
			compatibilityVersion = "Xcode 9.3";
			developmentRegion = en;
			hasScannedForEncodings = 0;
			knownRegions = (
				en,
				Base,
			);
			mainGroup = E7910F42264AE777003F0DAC;
			productRefGroup = E7910F4C264AE777003F0DAC /* Products */;
			projectDirPath = "";
			projectRoot = "";
			targets = (
				E7910F4A264AE777003F0DAC /* Hahabbit */,
			);
		};
/* End PBXProject section */

/* Begin PBXResourcesBuildPhase section */
		E7910F49264AE777003F0DAC /* Resources */ = {
			isa = PBXResourcesBuildPhase;
			buildActionMask = 2147483647;
			files = (
				E7910F5B264AE77C003F0DAC /* LaunchScreen.storyboard in Resources */,
				E7052E6D2652D74500B717F8 /* PublicGoalsTableViewCell.xib in Resources */,
				E7910F64264AF56A003F0DAC /* GoogleService-Info.plist in Resources */,
				E7052E4E2652476600B717F8 /* MainPageTableViewCell.xib in Resources */,
				E7910F72264B9243003F0DAC /* Profile.storyboard in Resources */,
				E7910F6E264B9190003F0DAC /* Achievements.storyboard in Resources */,
				E7910F6C264B87BB003F0DAC /* AddNewGoal.storyboard in Resources */,
				E7910F58264AE77C003F0DAC /* Assets.xcassets in Resources */,
				E7910F70264B91D6003F0DAC /* PublicGoals.storyboard in Resources */,
				E7910F56264AE777003F0DAC /* Main.storyboard in Resources */,
			);
			runOnlyForDeploymentPostprocessing = 0;
		};
/* End PBXResourcesBuildPhase section */

/* Begin PBXShellScriptBuildPhase section */
		3635763E1E6641DB37CE1424 /* [CP] Check Pods Manifest.lock */ = {
			isa = PBXShellScriptBuildPhase;
			buildActionMask = 2147483647;
			files = (
			);
			inputFileListPaths = (
			);
			inputPaths = (
				"${PODS_PODFILE_DIR_PATH}/Podfile.lock",
				"${PODS_ROOT}/Manifest.lock",
			);
			name = "[CP] Check Pods Manifest.lock";
			outputFileListPaths = (
			);
			outputPaths = (
				"$(DERIVED_FILE_DIR)/Pods-Hahabbit-checkManifestLockResult.txt",
			);
			runOnlyForDeploymentPostprocessing = 0;
			shellPath = /bin/sh;
			shellScript = "diff \"${PODS_PODFILE_DIR_PATH}/Podfile.lock\" \"${PODS_ROOT}/Manifest.lock\" > /dev/null\nif [ $? != 0 ] ; then\n    # print error to STDERR\n    echo \"error: The sandbox is not in sync with the Podfile.lock. Run 'pod install' or update your CocoaPods installation.\" >&2\n    exit 1\nfi\n# This output is used by Xcode 'outputs' to avoid re-running this script phase.\necho \"SUCCESS\" > \"${SCRIPT_OUTPUT_FILE_0}\"\n";
			showEnvVarsInLog = 0;
		};
		E5E5113AEEC8C53E7D4A3193 /* [CP] Embed Pods Frameworks */ = {
			isa = PBXShellScriptBuildPhase;
			buildActionMask = 2147483647;
			files = (
			);
			inputFileListPaths = (
				"${PODS_ROOT}/Target Support Files/Pods-Hahabbit/Pods-Hahabbit-frameworks-${CONFIGURATION}-input-files.xcfilelist",
			);
			name = "[CP] Embed Pods Frameworks";
			outputFileListPaths = (
				"${PODS_ROOT}/Target Support Files/Pods-Hahabbit/Pods-Hahabbit-frameworks-${CONFIGURATION}-output-files.xcfilelist",
			);
			runOnlyForDeploymentPostprocessing = 0;
			shellPath = /bin/sh;
			shellScript = "\"${PODS_ROOT}/Target Support Files/Pods-Hahabbit/Pods-Hahabbit-frameworks.sh\"\n";
			showEnvVarsInLog = 0;
		};
		E7910F62264AEE07003F0DAC /* ShellScript */ = {
			isa = PBXShellScriptBuildPhase;
			buildActionMask = 2147483647;
			files = (
			);
			inputFileListPaths = (
			);
			inputPaths = (
			);
			outputFileListPaths = (
			);
			outputPaths = (
			);
			runOnlyForDeploymentPostprocessing = 0;
			shellPath = /bin/sh;
			shellScript = "\"${PODS_ROOT}/SwiftLint/swiftlint\"\n";
		};
/* End PBXShellScriptBuildPhase section */

/* Begin PBXSourcesBuildPhase section */
		E7910F47264AE777003F0DAC /* Sources */ = {
			isa = PBXSourcesBuildPhase;
			buildActionMask = 2147483647;
			files = (
				E7910F53264AE777003F0DAC /* MainViewController.swift in Sources */,
				E7052E8C2655F25700B717F8 /* Box.swift in Sources */,
				E7910F4F264AE777003F0DAC /* AppDelegate.swift in Sources */,
				E7052E5B26527C0800B717F8 /* IconCell.swift in Sources */,
				E7052E532652510400B717F8 /* CalendarPageViewController.swift in Sources */,
				E7052E7E2653D34800B717F8 /* AllAchievementsViewController.swift in Sources */,
				E7052E7B2653D18900B717F8 /* AchievementsCollectionViewCell.swift in Sources */,
				E7910F77264BC011003F0DAC /* AddNewGoalCell.swift in Sources */,
				E786041E265A9B4000AC0F36 /* PublicHabitViewModel.swift in Sources */,
				E7052E4D2652476600B717F8 /* MainPageTableViewCell.swift in Sources */,
				E7052E6526528BA300B717F8 /* FrequencyCell.swift in Sources */,
				E756742226598AE600B236E3 /* GraphViewModel.swift in Sources */,
				E7052E732653560400B717F8 /* ProfileTableViewCell.swift in Sources */,
				E7052E5026524B6900B717F8 /* MockData.swift in Sources */,
				E7052E6226528A3400B717F8 /* FrequencyViewController.swift in Sources */,
				E7910F74264BA7FF003F0DAC /* AddNewGoalViewController.swift in Sources */,
				E7910F51264AE777003F0DAC /* SceneDelegate.swift in Sources */,
				E7052E8F2656090A00B717F8 /* HomeViewModel.swift in Sources */,
				E74F423F265B89F300C9AB3D /* PublicHabitDetailCell.swift in Sources */,
				E7052E812653D59D00B717F8 /* AchievementsDetailTableViewCell.swift in Sources */,
				E7052E5826525D9200B717F8 /* HabitDetailViewController.swift in Sources */,
				E7052E5E26527D5F00B717F8 /* AddNewGoalDetailViewController.swift in Sources */,
				E7910F7B264BEDFD003F0DAC /* AchievementsViewController.swift in Sources */,
				E7052E842654C1BB00B717F8 /* PublicHabitDetailViewController.swift in Sources */,
				E7052E682652AA2E00B717F8 /* PublichHabitsViewController.swift in Sources */,
				E7052E892654E9D800B717F8 /* Habit.swift in Sources */,
				E7052E6C2652D74500B717F8 /* PublicGoalsTableViewCell.swift in Sources */,
				E7910F79264BC0FB003F0DAC /* Constants.swift in Sources */,
				E7052E762653574A00B717F8 /* SettingsTableViewCell.swift in Sources */,
				E7052E872654E62500B717F8 /* HabitManager.swift in Sources */,
				E7052E9226560F5300B717F8 /* HabitViewModel.swift in Sources */,
				E7052E792653CCE500B717F8 /* AchievementsTableViewCell.swift in Sources */,
				E7052E702653506800B717F8 /* ProfileViewController.swift in Sources */,
				E7860420265AA11500AC0F36 /* User.swift in Sources */,
			);
			runOnlyForDeploymentPostprocessing = 0;
		};
/* End PBXSourcesBuildPhase section */

/* Begin PBXVariantGroup section */
		E7910F54264AE777003F0DAC /* Main.storyboard */ = {
			isa = PBXVariantGroup;
			children = (
				E7910F55264AE777003F0DAC /* Base */,
			);
			name = Main.storyboard;
			sourceTree = "<group>";
		};
		E7910F59264AE77C003F0DAC /* LaunchScreen.storyboard */ = {
			isa = PBXVariantGroup;
			children = (
				E7910F5A264AE77C003F0DAC /* Base */,
			);
			name = LaunchScreen.storyboard;
			sourceTree = "<group>";
		};
/* End PBXVariantGroup section */

/* Begin XCBuildConfiguration section */
		E7910F5D264AE77C003F0DAC /* Debug */ = {
			isa = XCBuildConfiguration;
			buildSettings = {
				ALWAYS_SEARCH_USER_PATHS = NO;
				CLANG_ANALYZER_NONNULL = YES;
				CLANG_ANALYZER_NUMBER_OBJECT_CONVERSION = YES_AGGRESSIVE;
				CLANG_CXX_LANGUAGE_STANDARD = "gnu++14";
				CLANG_CXX_LIBRARY = "libc++";
				CLANG_ENABLE_MODULES = YES;
				CLANG_ENABLE_OBJC_ARC = YES;
				CLANG_ENABLE_OBJC_WEAK = YES;
				CLANG_WARN_BLOCK_CAPTURE_AUTORELEASING = YES;
				CLANG_WARN_BOOL_CONVERSION = YES;
				CLANG_WARN_COMMA = YES;
				CLANG_WARN_CONSTANT_CONVERSION = YES;
				CLANG_WARN_DEPRECATED_OBJC_IMPLEMENTATIONS = YES;
				CLANG_WARN_DIRECT_OBJC_ISA_USAGE = YES_ERROR;
				CLANG_WARN_DOCUMENTATION_COMMENTS = YES;
				CLANG_WARN_EMPTY_BODY = YES;
				CLANG_WARN_ENUM_CONVERSION = YES;
				CLANG_WARN_INFINITE_RECURSION = YES;
				CLANG_WARN_INT_CONVERSION = YES;
				CLANG_WARN_NON_LITERAL_NULL_CONVERSION = YES;
				CLANG_WARN_OBJC_IMPLICIT_RETAIN_SELF = YES;
				CLANG_WARN_OBJC_LITERAL_CONVERSION = YES;
				CLANG_WARN_OBJC_ROOT_CLASS = YES_ERROR;
				CLANG_WARN_QUOTED_INCLUDE_IN_FRAMEWORK_HEADER = YES;
				CLANG_WARN_RANGE_LOOP_ANALYSIS = YES;
				CLANG_WARN_STRICT_PROTOTYPES = YES;
				CLANG_WARN_SUSPICIOUS_MOVE = YES;
				CLANG_WARN_UNGUARDED_AVAILABILITY = YES_AGGRESSIVE;
				CLANG_WARN_UNREACHABLE_CODE = YES;
				CLANG_WARN__DUPLICATE_METHOD_MATCH = YES;
				COPY_PHASE_STRIP = NO;
				DEBUG_INFORMATION_FORMAT = dwarf;
				ENABLE_STRICT_OBJC_MSGSEND = YES;
				ENABLE_TESTABILITY = YES;
				GCC_C_LANGUAGE_STANDARD = gnu11;
				GCC_DYNAMIC_NO_PIC = NO;
				GCC_NO_COMMON_BLOCKS = YES;
				GCC_OPTIMIZATION_LEVEL = 0;
				GCC_PREPROCESSOR_DEFINITIONS = (
					"DEBUG=1",
					"$(inherited)",
				);
				GCC_WARN_64_TO_32_BIT_CONVERSION = YES;
				GCC_WARN_ABOUT_RETURN_TYPE = YES_ERROR;
				GCC_WARN_UNDECLARED_SELECTOR = YES;
				GCC_WARN_UNINITIALIZED_AUTOS = YES_AGGRESSIVE;
				GCC_WARN_UNUSED_FUNCTION = YES;
				GCC_WARN_UNUSED_VARIABLE = YES;
				IPHONEOS_DEPLOYMENT_TARGET = 14.5;
				MTL_ENABLE_DEBUG_INFO = INCLUDE_SOURCE;
				MTL_FAST_MATH = YES;
				ONLY_ACTIVE_ARCH = YES;
				SDKROOT = iphoneos;
				SWIFT_ACTIVE_COMPILATION_CONDITIONS = DEBUG;
				SWIFT_OPTIMIZATION_LEVEL = "-Onone";
			};
			name = Debug;
		};
		E7910F5E264AE77C003F0DAC /* Release */ = {
			isa = XCBuildConfiguration;
			buildSettings = {
				ALWAYS_SEARCH_USER_PATHS = NO;
				CLANG_ANALYZER_NONNULL = YES;
				CLANG_ANALYZER_NUMBER_OBJECT_CONVERSION = YES_AGGRESSIVE;
				CLANG_CXX_LANGUAGE_STANDARD = "gnu++14";
				CLANG_CXX_LIBRARY = "libc++";
				CLANG_ENABLE_MODULES = YES;
				CLANG_ENABLE_OBJC_ARC = YES;
				CLANG_ENABLE_OBJC_WEAK = YES;
				CLANG_WARN_BLOCK_CAPTURE_AUTORELEASING = YES;
				CLANG_WARN_BOOL_CONVERSION = YES;
				CLANG_WARN_COMMA = YES;
				CLANG_WARN_CONSTANT_CONVERSION = YES;
				CLANG_WARN_DEPRECATED_OBJC_IMPLEMENTATIONS = YES;
				CLANG_WARN_DIRECT_OBJC_ISA_USAGE = YES_ERROR;
				CLANG_WARN_DOCUMENTATION_COMMENTS = YES;
				CLANG_WARN_EMPTY_BODY = YES;
				CLANG_WARN_ENUM_CONVERSION = YES;
				CLANG_WARN_INFINITE_RECURSION = YES;
				CLANG_WARN_INT_CONVERSION = YES;
				CLANG_WARN_NON_LITERAL_NULL_CONVERSION = YES;
				CLANG_WARN_OBJC_IMPLICIT_RETAIN_SELF = YES;
				CLANG_WARN_OBJC_LITERAL_CONVERSION = YES;
				CLANG_WARN_OBJC_ROOT_CLASS = YES_ERROR;
				CLANG_WARN_QUOTED_INCLUDE_IN_FRAMEWORK_HEADER = YES;
				CLANG_WARN_RANGE_LOOP_ANALYSIS = YES;
				CLANG_WARN_STRICT_PROTOTYPES = YES;
				CLANG_WARN_SUSPICIOUS_MOVE = YES;
				CLANG_WARN_UNGUARDED_AVAILABILITY = YES_AGGRESSIVE;
				CLANG_WARN_UNREACHABLE_CODE = YES;
				CLANG_WARN__DUPLICATE_METHOD_MATCH = YES;
				COPY_PHASE_STRIP = NO;
				DEBUG_INFORMATION_FORMAT = "dwarf-with-dsym";
				ENABLE_NS_ASSERTIONS = NO;
				ENABLE_STRICT_OBJC_MSGSEND = YES;
				GCC_C_LANGUAGE_STANDARD = gnu11;
				GCC_NO_COMMON_BLOCKS = YES;
				GCC_WARN_64_TO_32_BIT_CONVERSION = YES;
				GCC_WARN_ABOUT_RETURN_TYPE = YES_ERROR;
				GCC_WARN_UNDECLARED_SELECTOR = YES;
				GCC_WARN_UNINITIALIZED_AUTOS = YES_AGGRESSIVE;
				GCC_WARN_UNUSED_FUNCTION = YES;
				GCC_WARN_UNUSED_VARIABLE = YES;
				IPHONEOS_DEPLOYMENT_TARGET = 14.5;
				MTL_ENABLE_DEBUG_INFO = NO;
				MTL_FAST_MATH = YES;
				SDKROOT = iphoneos;
				SWIFT_COMPILATION_MODE = wholemodule;
				SWIFT_OPTIMIZATION_LEVEL = "-O";
				VALIDATE_PRODUCT = YES;
			};
			name = Release;
		};
		E7910F60264AE77C003F0DAC /* Debug */ = {
			isa = XCBuildConfiguration;
			baseConfigurationReference = 0A350669CA1AD1C8B735D252 /* Pods-Hahabbit.debug.xcconfig */;
			buildSettings = {
				ASSETCATALOG_COMPILER_APPICON_NAME = AppIcon;
				ASSETCATALOG_COMPILER_GLOBAL_ACCENT_COLOR_NAME = AccentColor;
				CODE_SIGN_STYLE = Automatic;
				DEVELOPMENT_TEAM = B6VUKK5MCY;
				INFOPLIST_FILE = Hahabbit/Info.plist;
				LD_RUNPATH_SEARCH_PATHS = (
					"$(inherited)",
					"@executable_path/Frameworks",
				);
				PRODUCT_BUNDLE_IDENTIFIER = com.max.Hahabbit;
				PRODUCT_NAME = "$(TARGET_NAME)";
				SWIFT_VERSION = 5.0;
				TARGETED_DEVICE_FAMILY = "1,2";
			};
			name = Debug;
		};
		E7910F61264AE77C003F0DAC /* Release */ = {
			isa = XCBuildConfiguration;
			baseConfigurationReference = 7CA43CF2F9B70177D5F18D32 /* Pods-Hahabbit.release.xcconfig */;
			buildSettings = {
				ASSETCATALOG_COMPILER_APPICON_NAME = AppIcon;
				ASSETCATALOG_COMPILER_GLOBAL_ACCENT_COLOR_NAME = AccentColor;
				CODE_SIGN_STYLE = Automatic;
				DEVELOPMENT_TEAM = B6VUKK5MCY;
				INFOPLIST_FILE = Hahabbit/Info.plist;
				LD_RUNPATH_SEARCH_PATHS = (
					"$(inherited)",
					"@executable_path/Frameworks",
				);
				PRODUCT_BUNDLE_IDENTIFIER = com.max.Hahabbit;
				PRODUCT_NAME = "$(TARGET_NAME)";
				SWIFT_VERSION = 5.0;
				TARGETED_DEVICE_FAMILY = "1,2";
			};
			name = Release;
		};
/* End XCBuildConfiguration section */

/* Begin XCConfigurationList section */
		E7910F46264AE777003F0DAC /* Build configuration list for PBXProject "Hahabbit" */ = {
			isa = XCConfigurationList;
			buildConfigurations = (
				E7910F5D264AE77C003F0DAC /* Debug */,
				E7910F5E264AE77C003F0DAC /* Release */,
			);
			defaultConfigurationIsVisible = 0;
			defaultConfigurationName = Release;
		};
		E7910F5F264AE77C003F0DAC /* Build configuration list for PBXNativeTarget "Hahabbit" */ = {
			isa = XCConfigurationList;
			buildConfigurations = (
				E7910F60264AE77C003F0DAC /* Debug */,
				E7910F61264AE77C003F0DAC /* Release */,
			);
			defaultConfigurationIsVisible = 0;
			defaultConfigurationName = Release;
		};
/* End XCConfigurationList section */
	};
	rootObject = E7910F43264AE777003F0DAC /* Project object */;
}
